{
  "version": 4,
  "terraform_version": "0.12.20",
  "serial": 53,
  "lineage": "ec24b561-7dc9-2734-556e-6a3f10c05f49",
  "outputs": {
    "cluster_endpoint": {
      "value": "https://3C4A239EE518025D36F99DFC3DD1E51E.yl4.us-east-2.eks.amazonaws.com",
      "type": "string"
    },
    "config_map_aws_auth": {
      "value": "apiVersion: v1\nkind: ConfigMap\nmetadata:\n  name: aws-auth\n  namespace: kube-system\ndata:\n  mapRoles: |\n    - rolearn: arn:aws:iam::377481363432:role/cloudskiff-eks-OMRfvtq320200226184400676200000006\n      username: system:node:{{EC2PrivateDNSName}}\n      groups:\n        - system:bootstrappers\n        - system:nodes\n\n  \n  \n  \n",
      "type": "string"
    },
    "kubectl_config": {
      "value": "apiVersion: v1\npreferences: {}\nkind: Config\n\nclusters:\n- cluster:\n    server: https://3C4A239EE518025D36F99DFC3DD1E51E.yl4.us-east-2.eks.amazonaws.com\n    certificate-authority-data: LS0tLS1CRUdJTiBDRVJUSUZJQ0FURS0tLS0tCk1JSUN5RENDQWJDZ0F3SUJBZ0lCQURBTkJna3Foa2lHOXcwQkFRc0ZBREFWTVJNd0VRWURWUVFERXdwcmRXSmwKY201bGRHVnpNQjRYRFRJd01ESXlOakU0TkRFd04xb1hEVE13TURJeU16RTROREV3TjFvd0ZURVRNQkVHQTFVRQpBeE1LYTNWaVpYSnVaWFJsY3pDQ0FTSXdEUVlKS29aSWh2Y05BUUVCQlFBRGdnRVBBRENDQVFvQ2dnRUJBTXpxCm1ZKytWN2NnSWNUYnpicDkremNaTlV3bXR3UUZrdzhwME5yNkFpN3FwL1gyczNZMnZjRjgwNlcrQ201bldodU4KVmtwa05jU3J4UnJZQlpmak5vUXBmc1VlcXJrQWdIUDg0Q0RNNHZFSnI2UHl4M3ZPOE42KzdrOEJ5ZmMzaTBjRQpibGF4WnkrbklCbmV0eVNNV29jaFdqMUZYemhIeUJYN3VxMkhhaHhjVFIxc3E4UjVGV3BvenpBTXExb0NxS2l3CmNhVTJRY0JZbmdXSDRhZnNENU9YWU5nczhzeHlYMnM4MjZjdGxzcjBya0I4TUdWdDRtUHhwYlRmaEgxR0lRMksKclcvMjJWcSs1dVg0NjhaVkMzdEpnQ2Z5bVBzYlNDNVNnZ1c2K3FLeCtjU2pXdllCdlFmRTExWmRuVjNORHRlWAorM0JwSGFaRTFtNnFNVXBTRHJFQ0F3RUFBYU1qTUNFd0RnWURWUjBQQVFIL0JBUURBZ0trTUE4R0ExVWRFd0VCCi93UUZNQU1CQWY4d0RRWUpLb1pJaHZjTkFRRUxCUUFEZ2dFQkFMRWE2RG1xbU9nTzlObFdEenFTV04xcWtFWHAKcThuZTlKT0lVcWU0YUhxV2lFMkI3NlpDVFJIdDYxRWdQdUFkUlVQUWNlam5yK1RNUWwxYy9aZGtNaWVkbHJaKwpQVzdWS3pTVFRxWmVuTlpqZlo0Z3JtSVNJQ2xDYXRWREUxR3lZaHhOeTFPcEl5T2pONkdYNEtwellZbHA2SUY1ClFwU3Nwb2JQNXZkV2Fvdjg2OGVPa0ZleTJ4NTBNV0NBWG41QktrOFhweXBVcVJUYjY2YWhjdlNMU1pZNHhRSTAKU1lSSkFUcm93RkZtVk5VZFVqbThpTzFwcnp4bkYxdndySGh1aVlRaVRaNCs2VjVOOEU3UWRHMUlDNXBrK1h6bApFamlmMEs0MGJVQVRaVXFZSlp4TDdmdHNwZ2FaTml4bThVcHhzM1Q4ems4cHYwL2FReXF1NDljNkMwbz0KLS0tLS1FTkQgQ0VSVElGSUNBVEUtLS0tLQo=\n  name: eks_cloudskiff-eks-OMRfvtq3\n\ncontexts:\n- context:\n    cluster: eks_cloudskiff-eks-OMRfvtq3\n    user: eks_cloudskiff-eks-OMRfvtq3\n  name: eks_cloudskiff-eks-OMRfvtq3\n\ncurrent-context: eks_cloudskiff-eks-OMRfvtq3\n\nusers:\n- name: eks_cloudskiff-eks-OMRfvtq3\n  user:\n    exec:\n      apiVersion: client.authentication.k8s.io/v1alpha1\n      command: aws-iam-authenticator\n      args:\n        - \"token\"\n        - \"-i\"\n        - \"cloudskiff-eks-OMRfvtq3\"\n\n\n",
      "type": "string"
    },
    "region": {
      "value": "us-east-2",
      "type": "string"
    }
  },
  "resources": [
    {
      "module": "module.cluster-1",
      "mode": "data",
      "type": "aws_ami",
      "name": "eks_worker",
      "provider": "provider.aws",
      "instances": [
        {
          "schema_version": 0,
          "attributes": {
            "architecture": "x86_64",
            "block_device_mappings": [
              {
                "device_name": "/dev/xvda",
                "ebs": {
                  "delete_on_termination": "true",
                  "encrypted": "false",
                  "iops": "0",
                  "snapshot_id": "snap-09673bed7cf97633d",
                  "volume_size": "20",
                  "volume_type": "gp2"
                },
                "no_device": "",
                "virtual_name": ""
              }
            ],
            "creation_date": "2020-02-13T01:38:46.000Z",
            "description": "EKS Kubernetes Worker AMI with AmazonLinux2 image, (k8s: 1.14.9, docker:18.09.9ce-2.amzn2)",
            "executable_users": null,
            "filter": [
              {
                "name": "name",
                "values": [
                  "amazon-eks-node-1.14-v*"
                ]
              }
            ],
            "hypervisor": "xen",
            "id": "ami-074f0e3f73e526e8c",
            "image_id": "ami-074f0e3f73e526e8c",
            "image_location": "amazon/amazon-eks-node-1.14-v20200122",
            "image_owner_alias": "amazon",
            "image_type": "machine",
            "kernel_id": null,
            "most_recent": true,
            "name": "amazon-eks-node-1.14-v20200122",
            "name_regex": null,
            "owner_id": "602401143452",
            "owners": [
              "602401143452"
            ],
            "platform": null,
            "product_codes": [],
            "public": true,
            "ramdisk_id": null,
            "root_device_name": "/dev/xvda",
            "root_device_type": "ebs",
            "root_snapshot_id": "snap-09673bed7cf97633d",
            "sriov_net_support": "simple",
            "state": "available",
            "state_reason": {
              "code": "UNSET",
              "message": "UNSET"
            },
            "tags": {},
            "virtualization_type": "hvm"
          }
        }
      ]
    },
    {
      "module": "module.cluster-1",
      "mode": "data",
      "type": "aws_ami",
      "name": "eks_worker_windows",
      "provider": "provider.aws",
      "instances": [
        {
          "schema_version": 0,
          "attributes": {
            "architecture": "x86_64",
            "block_device_mappings": [
              {
                "device_name": "/dev/sda1",
                "ebs": {
                  "delete_on_termination": "true",
                  "encrypted": "false",
                  "iops": "0",
                  "snapshot_id": "snap-030114e26a7370f64",
                  "volume_size": "50",
                  "volume_type": "gp2"
                },
                "no_device": "",
                "virtual_name": ""
              },
              {
                "device_name": "xvdca",
                "ebs": {},
                "no_device": "",
                "virtual_name": "ephemeral0"
              },
              {
                "device_name": "xvdcb",
                "ebs": {},
                "no_device": "",
                "virtual_name": "ephemeral1"
              },
              {
                "device_name": "xvdcc",
                "ebs": {},
                "no_device": "",
                "virtual_name": "ephemeral2"
              },
              {
                "device_name": "xvdcd",
                "ebs": {},
                "no_device": "",
                "virtual_name": "ephemeral3"
              },
              {
                "device_name": "xvdce",
                "ebs": {},
                "no_device": "",
                "virtual_name": "ephemeral4"
              },
              {
                "device_name": "xvdcf",
                "ebs": {},
                "no_device": "",
                "virtual_name": "ephemeral5"
              },
              {
                "device_name": "xvdcg",
                "ebs": {},
                "no_device": "",
                "virtual_name": "ephemeral6"
              },
              {
                "device_name": "xvdch",
                "ebs": {},
                "no_device": "",
                "virtual_name": "ephemeral7"
              },
              {
                "device_name": "xvdci",
                "ebs": {},
                "no_device": "",
                "virtual_name": "ephemeral8"
              },
              {
                "device_name": "xvdcj",
                "ebs": {},
                "no_device": "",
                "virtual_name": "ephemeral9"
              },
              {
                "device_name": "xvdck",
                "ebs": {},
                "no_device": "",
                "virtual_name": "ephemeral10"
              },
              {
                "device_name": "xvdcl",
                "ebs": {},
                "no_device": "",
                "virtual_name": "ephemeral11"
              },
              {
                "device_name": "xvdcm",
                "ebs": {},
                "no_device": "",
                "virtual_name": "ephemeral12"
              },
              {
                "device_name": "xvdcn",
                "ebs": {},
                "no_device": "",
                "virtual_name": "ephemeral13"
              },
              {
                "device_name": "xvdco",
                "ebs": {},
                "no_device": "",
                "virtual_name": "ephemeral14"
              },
              {
                "device_name": "xvdcp",
                "ebs": {},
                "no_device": "",
                "virtual_name": "ephemeral15"
              },
              {
                "device_name": "xvdcq",
                "ebs": {},
                "no_device": "",
                "virtual_name": "ephemeral16"
              },
              {
                "device_name": "xvdcr",
                "ebs": {},
                "no_device": "",
                "virtual_name": "ephemeral17"
              },
              {
                "device_name": "xvdcs",
                "ebs": {},
                "no_device": "",
                "virtual_name": "ephemeral18"
              },
              {
                "device_name": "xvdct",
                "ebs": {},
                "no_device": "",
                "virtual_name": "ephemeral19"
              },
              {
                "device_name": "xvdcu",
                "ebs": {},
                "no_device": "",
                "virtual_name": "ephemeral20"
              },
              {
                "device_name": "xvdcv",
                "ebs": {},
                "no_device": "",
                "virtual_name": "ephemeral21"
              },
              {
                "device_name": "xvdcw",
                "ebs": {},
                "no_device": "",
                "virtual_name": "ephemeral22"
              },
              {
                "device_name": "xvdcx",
                "ebs": {},
                "no_device": "",
                "virtual_name": "ephemeral23"
              },
              {
                "device_name": "xvdcy",
                "ebs": {},
                "no_device": "",
                "virtual_name": "ephemeral24"
              },
              {
                "device_name": "xvdcz",
                "ebs": {},
                "no_device": "",
                "virtual_name": "ephemeral25"
              }
            ],
            "creation_date": "2020-01-15T08:19:15.000Z",
            "description": "Microsoft Windows Server 2019 Core optimized for EKS and provided by Amazon",
            "executable_users": null,
            "filter": [
              {
                "name": "name",
                "values": [
                  "Windows_Server-2019-English-Core-EKS_Optimized-1.14-*"
                ]
              },
              {
                "name": "platform",
                "values": [
                  "windows"
                ]
              }
            ],
            "hypervisor": "xen",
            "id": "ami-0a04e85b14503debe",
            "image_id": "ami-0a04e85b14503debe",
            "image_location": "amazon/Windows_Server-2019-English-Core-EKS_Optimized-1.14-2020.01.15",
            "image_owner_alias": "amazon",
            "image_type": "machine",
            "kernel_id": null,
            "most_recent": true,
            "name": "Windows_Server-2019-English-Core-EKS_Optimized-1.14-2020.01.15",
            "name_regex": null,
            "owner_id": "801119661308",
            "owners": [
              "801119661308"
            ],
            "platform": "windows",
            "product_codes": [],
            "public": true,
            "ramdisk_id": null,
            "root_device_name": "/dev/sda1",
            "root_device_type": "ebs",
            "root_snapshot_id": "snap-030114e26a7370f64",
            "sriov_net_support": "simple",
            "state": "available",
            "state_reason": {
              "code": "UNSET",
              "message": "UNSET"
            },
            "tags": {},
            "virtualization_type": "hvm"
          }
        }
      ]
    },
    {
      "mode": "data",
      "type": "aws_availability_zones",
      "name": "available",
      "provider": "provider.aws",
      "instances": [
        {
          "schema_version": 0,
          "attributes": {
            "blacklisted_names": null,
            "blacklisted_zone_ids": null,
            "id": "2020-02-26 18:33:08.646666385 +0000 UTC",
            "names": [
              "us-east-2a",
              "us-east-2b",
              "us-east-2c"
            ],
            "state": null,
            "zone_ids": [
              "use2-az1",
              "use2-az2",
              "use2-az3"
            ]
          }
        }
      ]
    },
    {
      "module": "module.cluster-1",
      "mode": "data",
      "type": "aws_caller_identity",
      "name": "current",
      "provider": "provider.aws",
      "instances": [
        {
          "schema_version": 0,
          "attributes": {
            "account_id": "377481363432",
            "arn": "arn:aws:iam::377481363432:user/avineshwar",
            "id": "2020-02-26 18:33:08.987177946 +0000 UTC",
            "user_id": "AIDAVPY5EP7UJ62WNV6SI"
          }
        }
      ]
    },
    {
      "module": "module.cluster-1",
      "mode": "data",
      "type": "aws_iam_instance_profile",
      "name": "custom_worker_group_iam_instance_profile",
      "each": "list",
      "provider": "provider.aws",
      "instances": []
    },
    {
      "module": "module.cluster-1",
      "mode": "data",
      "type": "aws_iam_instance_profile",
      "name": "custom_worker_group_launch_template_iam_instance_profile",
      "each": "list",
      "provider": "provider.aws",
      "instances": []
    },
    {
      "module": "module.cluster-1",
      "mode": "data",
      "type": "aws_iam_policy_document",
      "name": "cluster_assume_role_policy",
      "provider": "provider.aws",
      "instances": [
        {
          "schema_version": 0,
          "attributes": {
            "id": "2764486067",
            "json": "{\n  \"Version\": \"2012-10-17\",\n  \"Statement\": [\n    {\n      \"Sid\": \"EKSClusterAssumeRole\",\n      \"Effect\": \"Allow\",\n      \"Action\": \"sts:AssumeRole\",\n      \"Principal\": {\n        \"Service\": \"eks.amazonaws.com\"\n      }\n    }\n  ]\n}",
            "override_json": null,
            "policy_id": null,
            "source_json": null,
            "statement": [
              {
                "actions": [
                  "sts:AssumeRole"
                ],
                "condition": [],
                "effect": "Allow",
                "not_actions": [],
                "not_principals": [],
                "not_resources": [],
                "principals": [
                  {
                    "identifiers": [
                      "eks.amazonaws.com"
                    ],
                    "type": "Service"
                  }
                ],
                "resources": [],
                "sid": "EKSClusterAssumeRole"
              }
            ],
            "version": "2012-10-17"
          }
        }
      ]
    },
    {
      "module": "module.cluster-1",
      "mode": "data",
      "type": "aws_iam_policy_document",
      "name": "worker_autoscaling",
      "provider": "provider.aws",
      "instances": [
        {
          "schema_version": 0,
          "attributes": {
            "id": "2319049696",
            "json": "{\n  \"Version\": \"2012-10-17\",\n  \"Statement\": [\n    {\n      \"Sid\": \"eksWorkerAutoscalingAll\",\n      \"Effect\": \"Allow\",\n      \"Action\": [\n        \"ec2:DescribeLaunchTemplateVersions\",\n        \"autoscaling:DescribeTags\",\n        \"autoscaling:DescribeLaunchConfigurations\",\n        \"autoscaling:DescribeAutoScalingInstances\",\n        \"autoscaling:DescribeAutoScalingGroups\"\n      ],\n      \"Resource\": \"*\"\n    },\n    {\n      \"Sid\": \"eksWorkerAutoscalingOwn\",\n      \"Effect\": \"Allow\",\n      \"Action\": [\n        \"autoscaling:UpdateAutoScalingGroup\",\n        \"autoscaling:TerminateInstanceInAutoScalingGroup\",\n        \"autoscaling:SetDesiredCapacity\"\n      ],\n      \"Resource\": \"*\",\n      \"Condition\": {\n        \"StringEquals\": {\n          \"autoscaling:ResourceTag/k8s.io/cluster-autoscaler/enabled\": \"true\",\n          \"autoscaling:ResourceTag/kubernetes.io/cluster/cloudskiff-eks-OMRfvtq3\": \"owned\"\n        }\n      }\n    }\n  ]\n}",
            "override_json": null,
            "policy_id": null,
            "source_json": null,
            "statement": [
              {
                "actions": [
                  "autoscaling:DescribeAutoScalingGroups",
                  "autoscaling:DescribeAutoScalingInstances",
                  "autoscaling:DescribeLaunchConfigurations",
                  "autoscaling:DescribeTags",
                  "ec2:DescribeLaunchTemplateVersions"
                ],
                "condition": [],
                "effect": "Allow",
                "not_actions": [],
                "not_principals": [],
                "not_resources": [],
                "principals": [],
                "resources": [
                  "*"
                ],
                "sid": "eksWorkerAutoscalingAll"
              },
              {
                "actions": [
                  "autoscaling:SetDesiredCapacity",
                  "autoscaling:TerminateInstanceInAutoScalingGroup",
                  "autoscaling:UpdateAutoScalingGroup"
                ],
                "condition": [
                  {
                    "test": "StringEquals",
                    "values": [
                      "owned"
                    ],
                    "variable": "autoscaling:ResourceTag/kubernetes.io/cluster/cloudskiff-eks-OMRfvtq3"
                  },
                  {
                    "test": "StringEquals",
                    "values": [
                      "true"
                    ],
                    "variable": "autoscaling:ResourceTag/k8s.io/cluster-autoscaler/enabled"
                  }
                ],
                "effect": "Allow",
                "not_actions": [],
                "not_principals": [],
                "not_resources": [],
                "principals": [],
                "resources": [
                  "*"
                ],
                "sid": "eksWorkerAutoscalingOwn"
              }
            ],
            "version": "2012-10-17"
          }
        }
      ]
    },
    {
      "module": "module.cluster-1",
      "mode": "data",
      "type": "aws_iam_policy_document",
      "name": "workers_assume_role_policy",
      "provider": "provider.aws",
      "instances": [
        {
          "schema_version": 0,
          "attributes": {
            "id": "3778018924",
            "json": "{\n  \"Version\": \"2012-10-17\",\n  \"Statement\": [\n    {\n      \"Sid\": \"EKSWorkerAssumeRole\",\n      \"Effect\": \"Allow\",\n      \"Action\": \"sts:AssumeRole\",\n      \"Principal\": {\n        \"Service\": \"ec2.amazonaws.com\"\n      }\n    }\n  ]\n}",
            "override_json": null,
            "policy_id": null,
            "source_json": null,
            "statement": [
              {
                "actions": [
                  "sts:AssumeRole"
                ],
                "condition": [],
                "effect": "Allow",
                "not_actions": [],
                "not_principals": [],
                "not_resources": [],
                "principals": [
                  {
                    "identifiers": [
                      "ec2.amazonaws.com"
                    ],
                    "type": "Service"
                  }
                ],
                "resources": [],
                "sid": "EKSWorkerAssumeRole"
              }
            ],
            "version": "2012-10-17"
          }
        }
      ]
    },
    {
      "module": "module.cluster-1",
      "mode": "data",
      "type": "aws_iam_role",
      "name": "custom_cluster_iam_role",
      "each": "list",
      "provider": "provider.aws",
      "instances": []
    },
    {
      "module": "module.vpc",
      "mode": "data",
      "type": "aws_vpc_endpoint_service",
      "name": "apigw",
      "each": "list",
      "provider": "provider.aws",
      "instances": []
    },
    {
      "module": "module.vpc",
      "mode": "data",
      "type": "aws_vpc_endpoint_service",
      "name": "appmesh_envoy_management",
      "each": "list",
      "provider": "provider.aws",
      "instances": []
    },
    {
      "module": "module.vpc",
      "mode": "data",
      "type": "aws_vpc_endpoint_service",
      "name": "appstream",
      "each": "list",
      "provider": "provider.aws",
      "instances": []
    },
    {
      "module": "module.vpc",
      "mode": "data",
      "type": "aws_vpc_endpoint_service",
      "name": "athena",
      "each": "list",
      "provider": "provider.aws",
      "instances": []
    },
    {
      "module": "module.vpc",
      "mode": "data",
      "type": "aws_vpc_endpoint_service",
      "name": "cloudformation",
      "each": "list",
      "provider": "provider.aws",
      "instances": []
    },
    {
      "module": "module.vpc",
      "mode": "data",
      "type": "aws_vpc_endpoint_service",
      "name": "cloudtrail",
      "each": "list",
      "provider": "provider.aws",
      "instances": []
    },
    {
      "module": "module.vpc",
      "mode": "data",
      "type": "aws_vpc_endpoint_service",
      "name": "codebuild",
      "each": "list",
      "provider": "provider.aws",
      "instances": []
    },
    {
      "module": "module.vpc",
      "mode": "data",
      "type": "aws_vpc_endpoint_service",
      "name": "codecommit",
      "each": "list",
      "provider": "provider.aws",
      "instances": []
    },
    {
      "module": "module.vpc",
      "mode": "data",
      "type": "aws_vpc_endpoint_service",
      "name": "codepipeline",
      "each": "list",
      "provider": "provider.aws",
      "instances": []
    },
    {
      "module": "module.vpc",
      "mode": "data",
      "type": "aws_vpc_endpoint_service",
      "name": "config",
      "each": "list",
      "provider": "provider.aws",
      "instances": []
    },
    {
      "module": "module.vpc",
      "mode": "data",
      "type": "aws_vpc_endpoint_service",
      "name": "dynamodb",
      "each": "list",
      "provider": "provider.aws",
      "instances": []
    },
    {
      "module": "module.vpc",
      "mode": "data",
      "type": "aws_vpc_endpoint_service",
      "name": "ec2",
      "each": "list",
      "provider": "provider.aws",
      "instances": []
    },
    {
      "module": "module.vpc",
      "mode": "data",
      "type": "aws_vpc_endpoint_service",
      "name": "ec2messages",
      "each": "list",
      "provider": "provider.aws",
      "instances": []
    },
    {
      "module": "module.vpc",
      "mode": "data",
      "type": "aws_vpc_endpoint_service",
      "name": "ecr_api",
      "each": "list",
      "provider": "provider.aws",
      "instances": []
    },
    {
      "module": "module.vpc",
      "mode": "data",
      "type": "aws_vpc_endpoint_service",
      "name": "ecr_dkr",
      "each": "list",
      "provider": "provider.aws",
      "instances": []
    },
    {
      "module": "module.vpc",
      "mode": "data",
      "type": "aws_vpc_endpoint_service",
      "name": "ecs",
      "each": "list",
      "provider": "provider.aws",
      "instances": []
    },
    {
      "module": "module.vpc",
      "mode": "data",
      "type": "aws_vpc_endpoint_service",
      "name": "ecs_agent",
      "each": "list",
      "provider": "provider.aws",
      "instances": []
    },
    {
      "module": "module.vpc",
      "mode": "data",
      "type": "aws_vpc_endpoint_service",
      "name": "ecs_telemetry",
      "each": "list",
      "provider": "provider.aws",
      "instances": []
    },
    {
      "module": "module.vpc",
      "mode": "data",
      "type": "aws_vpc_endpoint_service",
      "name": "elasticloadbalancing",
      "each": "list",
      "provider": "provider.aws",
      "instances": []
    },
    {
      "module": "module.vpc",
      "mode": "data",
      "type": "aws_vpc_endpoint_service",
      "name": "events",
      "each": "list",
      "provider": "provider.aws",
      "instances": []
    },
    {
      "module": "module.vpc",
      "mode": "data",
      "type": "aws_vpc_endpoint_service",
      "name": "git_codecommit",
      "each": "list",
      "provider": "provider.aws",
      "instances": []
    },
    {
      "module": "module.vpc",
      "mode": "data",
      "type": "aws_vpc_endpoint_service",
      "name": "glue",
      "each": "list",
      "provider": "provider.aws",
      "instances": []
    },
    {
      "module": "module.vpc",
      "mode": "data",
      "type": "aws_vpc_endpoint_service",
      "name": "kinesis_firehose",
      "each": "list",
      "provider": "provider.aws",
      "instances": []
    },
    {
      "module": "module.vpc",
      "mode": "data",
      "type": "aws_vpc_endpoint_service",
      "name": "kinesis_streams",
      "each": "list",
      "provider": "provider.aws",
      "instances": []
    },
    {
      "module": "module.vpc",
      "mode": "data",
      "type": "aws_vpc_endpoint_service",
      "name": "kms",
      "each": "list",
      "provider": "provider.aws",
      "instances": []
    },
    {
      "module": "module.vpc",
      "mode": "data",
      "type": "aws_vpc_endpoint_service",
      "name": "logs",
      "each": "list",
      "provider": "provider.aws",
      "instances": []
    },
    {
      "module": "module.vpc",
      "mode": "data",
      "type": "aws_vpc_endpoint_service",
      "name": "monitoring",
      "each": "list",
      "provider": "provider.aws",
      "instances": []
    },
    {
      "module": "module.vpc",
      "mode": "data",
      "type": "aws_vpc_endpoint_service",
      "name": "rekognition",
      "each": "list",
      "provider": "provider.aws",
      "instances": []
    },
    {
      "module": "module.vpc",
      "mode": "data",
      "type": "aws_vpc_endpoint_service",
      "name": "s3",
      "each": "list",
      "provider": "provider.aws",
      "instances": []
    },
    {
      "module": "module.vpc",
      "mode": "data",
      "type": "aws_vpc_endpoint_service",
      "name": "sagemaker_api",
      "each": "list",
      "provider": "provider.aws",
      "instances": []
    },
    {
      "module": "module.vpc",
      "mode": "data",
      "type": "aws_vpc_endpoint_service",
      "name": "sagemaker_notebook",
      "each": "list",
      "provider": "provider.aws",
      "instances": []
    },
    {
      "module": "module.vpc",
      "mode": "data",
      "type": "aws_vpc_endpoint_service",
      "name": "sagemaker_runtime",
      "each": "list",
      "provider": "provider.aws",
      "instances": []
    },
    {
      "module": "module.vpc",
      "mode": "data",
      "type": "aws_vpc_endpoint_service",
      "name": "secretsmanager",
      "each": "list",
      "provider": "provider.aws",
      "instances": []
    },
    {
      "module": "module.vpc",
      "mode": "data",
      "type": "aws_vpc_endpoint_service",
      "name": "servicecatalog",
      "each": "list",
      "provider": "provider.aws",
      "instances": []
    },
    {
      "module": "module.vpc",
      "mode": "data",
      "type": "aws_vpc_endpoint_service",
      "name": "sns",
      "each": "list",
      "provider": "provider.aws",
      "instances": []
    },
    {
      "module": "module.vpc",
      "mode": "data",
      "type": "aws_vpc_endpoint_service",
      "name": "sqs",
      "each": "list",
      "provider": "provider.aws",
      "instances": []
    },
    {
      "module": "module.vpc",
      "mode": "data",
      "type": "aws_vpc_endpoint_service",
      "name": "ssm",
      "each": "list",
      "provider": "provider.aws",
      "instances": []
    },
    {
      "module": "module.vpc",
      "mode": "data",
      "type": "aws_vpc_endpoint_service",
      "name": "ssmmessages",
      "each": "list",
      "provider": "provider.aws",
      "instances": []
    },
    {
      "module": "module.vpc",
      "mode": "data",
      "type": "aws_vpc_endpoint_service",
      "name": "storagegateway",
      "each": "list",
      "provider": "provider.aws",
      "instances": []
    },
    {
      "module": "module.vpc",
      "mode": "data",
      "type": "aws_vpc_endpoint_service",
      "name": "sts",
      "each": "list",
      "provider": "provider.aws",
      "instances": []
    },
    {
      "module": "module.vpc",
      "mode": "data",
      "type": "aws_vpc_endpoint_service",
      "name": "transfer",
      "each": "list",
      "provider": "provider.aws",
      "instances": []
    },
    {
      "module": "module.vpc",
      "mode": "data",
      "type": "aws_vpc_endpoint_service",
      "name": "transferserver",
      "each": "list",
      "provider": "provider.aws",
      "instances": []
    },
    {
      "module": "module.cluster-1",
      "mode": "data",
      "type": "template_file",
      "name": "aws_authenticator_env_variables",
      "each": "list",
      "provider": "provider.template",
      "instances": []
    },
    {
      "module": "module.cluster-1",
      "mode": "data",
      "type": "template_file",
      "name": "config_map_aws_auth",
      "provider": "provider.template",
      "instances": [
        {
          "schema_version": 0,
          "attributes": {
            "filename": null,
            "id": "f6c9abe1e038468a9dd684b66cb90c3555aa212ecd3c8318a05d1bd01aa58f0a",
            "rendered": "apiVersion: v1\nkind: ConfigMap\nmetadata:\n  name: aws-auth\n  namespace: kube-system\ndata:\n  mapRoles: |\n    - rolearn: arn:aws:iam::377481363432:role/cloudskiff-eks-OMRfvtq320200226184400676200000006\n      username: system:node:{{EC2PrivateDNSName}}\n      groups:\n        - system:bootstrappers\n        - system:nodes\n\n  \n  \n  \n",
            "template": "apiVersion: v1\nkind: ConfigMap\nmetadata:\n  name: aws-auth\n  namespace: kube-system\ndata:\n  mapRoles: |\n${worker_role_arn}\n  %{if chomp(map_roles) != \"[]\" }\n    ${indent(4, map_roles)}\n  %{ endif }\n  %{if chomp(map_users) != \"[]\" }\n  mapUsers: |\n    ${indent(4, map_users)}\n  %{ endif }\n  %{if chomp(map_accounts) != \"[]\" }\n  mapAccounts: |\n    ${indent(4, map_accounts)}\n  %{ endif }\n",
            "vars": {
              "map_accounts": "[]\n",
              "map_roles": "[]\n",
              "map_users": "[]\n",
              "worker_role_arn": "    - rolearn: arn:aws:iam::377481363432:role/cloudskiff-eks-OMRfvtq320200226184400676200000006\n      username: system:node:{{EC2PrivateDNSName}}\n      groups:\n        - system:bootstrappers\n        - system:nodes\n"
            }
          }
        }
      ]
    },
    {
      "module": "module.cluster-1",
      "mode": "data",
      "type": "template_file",
      "name": "kubeconfig",
      "provider": "provider.template",
      "instances": [
        {
          "schema_version": 0,
          "attributes": {
            "filename": null,
            "id": "c1f7a370e7102bc2e434fcc3cee24ac6d5adc713806438e07f81df52a2ac884b",
            "rendered": "apiVersion: v1\npreferences: {}\nkind: Config\n\nclusters:\n- cluster:\n    server: https://3C4A239EE518025D36F99DFC3DD1E51E.yl4.us-east-2.eks.amazonaws.com\n    certificate-authority-data: LS0tLS1CRUdJTiBDRVJUSUZJQ0FURS0tLS0tCk1JSUN5RENDQWJDZ0F3SUJBZ0lCQURBTkJna3Foa2lHOXcwQkFRc0ZBREFWTVJNd0VRWURWUVFERXdwcmRXSmwKY201bGRHVnpNQjRYRFRJd01ESXlOakU0TkRFd04xb1hEVE13TURJeU16RTROREV3TjFvd0ZURVRNQkVHQTFVRQpBeE1LYTNWaVpYSnVaWFJsY3pDQ0FTSXdEUVlKS29aSWh2Y05BUUVCQlFBRGdnRVBBRENDQVFvQ2dnRUJBTXpxCm1ZKytWN2NnSWNUYnpicDkremNaTlV3bXR3UUZrdzhwME5yNkFpN3FwL1gyczNZMnZjRjgwNlcrQ201bldodU4KVmtwa05jU3J4UnJZQlpmak5vUXBmc1VlcXJrQWdIUDg0Q0RNNHZFSnI2UHl4M3ZPOE42KzdrOEJ5ZmMzaTBjRQpibGF4WnkrbklCbmV0eVNNV29jaFdqMUZYemhIeUJYN3VxMkhhaHhjVFIxc3E4UjVGV3BvenpBTXExb0NxS2l3CmNhVTJRY0JZbmdXSDRhZnNENU9YWU5nczhzeHlYMnM4MjZjdGxzcjBya0I4TUdWdDRtUHhwYlRmaEgxR0lRMksKclcvMjJWcSs1dVg0NjhaVkMzdEpnQ2Z5bVBzYlNDNVNnZ1c2K3FLeCtjU2pXdllCdlFmRTExWmRuVjNORHRlWAorM0JwSGFaRTFtNnFNVXBTRHJFQ0F3RUFBYU1qTUNFd0RnWURWUjBQQVFIL0JBUURBZ0trTUE4R0ExVWRFd0VCCi93UUZNQU1CQWY4d0RRWUpLb1pJaHZjTkFRRUxCUUFEZ2dFQkFMRWE2RG1xbU9nTzlObFdEenFTV04xcWtFWHAKcThuZTlKT0lVcWU0YUhxV2lFMkI3NlpDVFJIdDYxRWdQdUFkUlVQUWNlam5yK1RNUWwxYy9aZGtNaWVkbHJaKwpQVzdWS3pTVFRxWmVuTlpqZlo0Z3JtSVNJQ2xDYXRWREUxR3lZaHhOeTFPcEl5T2pONkdYNEtwellZbHA2SUY1ClFwU3Nwb2JQNXZkV2Fvdjg2OGVPa0ZleTJ4NTBNV0NBWG41QktrOFhweXBVcVJUYjY2YWhjdlNMU1pZNHhRSTAKU1lSSkFUcm93RkZtVk5VZFVqbThpTzFwcnp4bkYxdndySGh1aVlRaVRaNCs2VjVOOEU3UWRHMUlDNXBrK1h6bApFamlmMEs0MGJVQVRaVXFZSlp4TDdmdHNwZ2FaTml4bThVcHhzM1Q4ems4cHYwL2FReXF1NDljNkMwbz0KLS0tLS1FTkQgQ0VSVElGSUNBVEUtLS0tLQo=\n  name: eks_cloudskiff-eks-OMRfvtq3\n\ncontexts:\n- context:\n    cluster: eks_cloudskiff-eks-OMRfvtq3\n    user: eks_cloudskiff-eks-OMRfvtq3\n  name: eks_cloudskiff-eks-OMRfvtq3\n\ncurrent-context: eks_cloudskiff-eks-OMRfvtq3\n\nusers:\n- name: eks_cloudskiff-eks-OMRfvtq3\n  user:\n    exec:\n      apiVersion: client.authentication.k8s.io/v1alpha1\n      command: aws-iam-authenticator\n      args:\n        - \"token\"\n        - \"-i\"\n        - \"cloudskiff-eks-OMRfvtq3\"\n\n\n",
            "template": "apiVersion: v1\npreferences: {}\nkind: Config\n\nclusters:\n- cluster:\n    server: ${endpoint}\n    certificate-authority-data: ${cluster_auth_base64}\n  name: ${kubeconfig_name}\n\ncontexts:\n- context:\n    cluster: ${kubeconfig_name}\n    user: ${kubeconfig_name}\n  name: ${kubeconfig_name}\n\ncurrent-context: ${kubeconfig_name}\n\nusers:\n- name: ${kubeconfig_name}\n  user:\n    exec:\n      apiVersion: client.authentication.k8s.io/v1alpha1\n      command: ${aws_authenticator_command}\n      args:\n${aws_authenticator_command_args}\n${aws_authenticator_additional_args}\n${aws_authenticator_env_variables}\n",
            "vars": {
              "aws_authenticator_additional_args": "",
              "aws_authenticator_command": "aws-iam-authenticator",
              "aws_authenticator_command_args": "        - \"token\"\n        - \"-i\"\n        - \"cloudskiff-eks-OMRfvtq3\"",
              "aws_authenticator_env_variables": "",
              "cluster_auth_base64": "LS0tLS1CRUdJTiBDRVJUSUZJQ0FURS0tLS0tCk1JSUN5RENDQWJDZ0F3SUJBZ0lCQURBTkJna3Foa2lHOXcwQkFRc0ZBREFWTVJNd0VRWURWUVFERXdwcmRXSmwKY201bGRHVnpNQjRYRFRJd01ESXlOakU0TkRFd04xb1hEVE13TURJeU16RTROREV3TjFvd0ZURVRNQkVHQTFVRQpBeE1LYTNWaVpYSnVaWFJsY3pDQ0FTSXdEUVlKS29aSWh2Y05BUUVCQlFBRGdnRVBBRENDQVFvQ2dnRUJBTXpxCm1ZKytWN2NnSWNUYnpicDkremNaTlV3bXR3UUZrdzhwME5yNkFpN3FwL1gyczNZMnZjRjgwNlcrQ201bldodU4KVmtwa05jU3J4UnJZQlpmak5vUXBmc1VlcXJrQWdIUDg0Q0RNNHZFSnI2UHl4M3ZPOE42KzdrOEJ5ZmMzaTBjRQpibGF4WnkrbklCbmV0eVNNV29jaFdqMUZYemhIeUJYN3VxMkhhaHhjVFIxc3E4UjVGV3BvenpBTXExb0NxS2l3CmNhVTJRY0JZbmdXSDRhZnNENU9YWU5nczhzeHlYMnM4MjZjdGxzcjBya0I4TUdWdDRtUHhwYlRmaEgxR0lRMksKclcvMjJWcSs1dVg0NjhaVkMzdEpnQ2Z5bVBzYlNDNVNnZ1c2K3FLeCtjU2pXdllCdlFmRTExWmRuVjNORHRlWAorM0JwSGFaRTFtNnFNVXBTRHJFQ0F3RUFBYU1qTUNFd0RnWURWUjBQQVFIL0JBUURBZ0trTUE4R0ExVWRFd0VCCi93UUZNQU1CQWY4d0RRWUpLb1pJaHZjTkFRRUxCUUFEZ2dFQkFMRWE2RG1xbU9nTzlObFdEenFTV04xcWtFWHAKcThuZTlKT0lVcWU0YUhxV2lFMkI3NlpDVFJIdDYxRWdQdUFkUlVQUWNlam5yK1RNUWwxYy9aZGtNaWVkbHJaKwpQVzdWS3pTVFRxWmVuTlpqZlo0Z3JtSVNJQ2xDYXRWREUxR3lZaHhOeTFPcEl5T2pONkdYNEtwellZbHA2SUY1ClFwU3Nwb2JQNXZkV2Fvdjg2OGVPa0ZleTJ4NTBNV0NBWG41QktrOFhweXBVcVJUYjY2YWhjdlNMU1pZNHhRSTAKU1lSSkFUcm93RkZtVk5VZFVqbThpTzFwcnp4bkYxdndySGh1aVlRaVRaNCs2VjVOOEU3UWRHMUlDNXBrK1h6bApFamlmMEs0MGJVQVRaVXFZSlp4TDdmdHNwZ2FaTml4bThVcHhzM1Q4ems4cHYwL2FReXF1NDljNkMwbz0KLS0tLS1FTkQgQ0VSVElGSUNBVEUtLS0tLQo=",
              "endpoint": "https://3C4A239EE518025D36F99DFC3DD1E51E.yl4.us-east-2.eks.amazonaws.com",
              "kubeconfig_name": "eks_cloudskiff-eks-OMRfvtq3"
            }
          }
        }
      ]
    },
    {
      "module": "module.cluster-1",
      "mode": "data",
      "type": "template_file",
      "name": "launch_template_userdata",
      "each": "list",
      "provider": "provider.template",
      "instances": []
    },
    {
      "module": "module.cluster-1",
      "mode": "data",
      "type": "template_file",
      "name": "launch_template_worker_role_arns",
      "each": "list",
      "provider": "provider.template",
      "instances": []
    },
    {
      "module": "module.cluster-1",
      "mode": "data",
      "type": "template_file",
      "name": "userdata",
      "each": "list",
      "provider": "provider.template",
      "instances": [
        {
          "index_key": 0,
          "schema_version": 0,
          "attributes": {
            "filename": null,
            "id": "2b74a6124a8c05a03ae200cc2d4b7f662420d74d4b7a80b6e980b4da8b87a806",
            "rendered": "#!/bin/bash -xe\n\n# Allow user supplied pre userdata code\n\n\n# Bootstrap and join the cluster\n/etc/eks/bootstrap.sh --b64-cluster-ca 'LS0tLS1CRUdJTiBDRVJUSUZJQ0FURS0tLS0tCk1JSUN5RENDQWJDZ0F3SUJBZ0lCQURBTkJna3Foa2lHOXcwQkFRc0ZBREFWTVJNd0VRWURWUVFERXdwcmRXSmwKY201bGRHVnpNQjRYRFRJd01ESXlOakU0TkRFd04xb1hEVE13TURJeU16RTROREV3TjFvd0ZURVRNQkVHQTFVRQpBeE1LYTNWaVpYSnVaWFJsY3pDQ0FTSXdEUVlKS29aSWh2Y05BUUVCQlFBRGdnRVBBRENDQVFvQ2dnRUJBTXpxCm1ZKytWN2NnSWNUYnpicDkremNaTlV3bXR3UUZrdzhwME5yNkFpN3FwL1gyczNZMnZjRjgwNlcrQ201bldodU4KVmtwa05jU3J4UnJZQlpmak5vUXBmc1VlcXJrQWdIUDg0Q0RNNHZFSnI2UHl4M3ZPOE42KzdrOEJ5ZmMzaTBjRQpibGF4WnkrbklCbmV0eVNNV29jaFdqMUZYemhIeUJYN3VxMkhhaHhjVFIxc3E4UjVGV3BvenpBTXExb0NxS2l3CmNhVTJRY0JZbmdXSDRhZnNENU9YWU5nczhzeHlYMnM4MjZjdGxzcjBya0I4TUdWdDRtUHhwYlRmaEgxR0lRMksKclcvMjJWcSs1dVg0NjhaVkMzdEpnQ2Z5bVBzYlNDNVNnZ1c2K3FLeCtjU2pXdllCdlFmRTExWmRuVjNORHRlWAorM0JwSGFaRTFtNnFNVXBTRHJFQ0F3RUFBYU1qTUNFd0RnWURWUjBQQVFIL0JBUURBZ0trTUE4R0ExVWRFd0VCCi93UUZNQU1CQWY4d0RRWUpLb1pJaHZjTkFRRUxCUUFEZ2dFQkFMRWE2RG1xbU9nTzlObFdEenFTV04xcWtFWHAKcThuZTlKT0lVcWU0YUhxV2lFMkI3NlpDVFJIdDYxRWdQdUFkUlVQUWNlam5yK1RNUWwxYy9aZGtNaWVkbHJaKwpQVzdWS3pTVFRxWmVuTlpqZlo0Z3JtSVNJQ2xDYXRWREUxR3lZaHhOeTFPcEl5T2pONkdYNEtwellZbHA2SUY1ClFwU3Nwb2JQNXZkV2Fvdjg2OGVPa0ZleTJ4NTBNV0NBWG41QktrOFhweXBVcVJUYjY2YWhjdlNMU1pZNHhRSTAKU1lSSkFUcm93RkZtVk5VZFVqbThpTzFwcnp4bkYxdndySGh1aVlRaVRaNCs2VjVOOEU3UWRHMUlDNXBrK1h6bApFamlmMEs0MGJVQVRaVXFZSlp4TDdmdHNwZ2FaTml4bThVcHhzM1Q4ems4cHYwL2FReXF1NDljNkMwbz0KLS0tLS1FTkQgQ0VSVElGSUNBVEUtLS0tLQo=' --apiserver-endpoint 'https://3C4A239EE518025D36F99DFC3DD1E51E.yl4.us-east-2.eks.amazonaws.com'  --kubelet-extra-args \"\" 'cloudskiff-eks-OMRfvtq3'\n\n# Allow user supplied userdata code\n\n",
            "template": "#!/bin/bash -xe\n\n# Allow user supplied pre userdata code\n${pre_userdata}\n\n# Bootstrap and join the cluster\n/etc/eks/bootstrap.sh --b64-cluster-ca '${cluster_auth_base64}' --apiserver-endpoint '${endpoint}' ${bootstrap_extra_args} --kubelet-extra-args \"${kubelet_extra_args}\" '${cluster_name}'\n\n# Allow user supplied userdata code\n${additional_userdata}\n",
            "vars": {
              "additional_userdata": "",
              "bootstrap_extra_args": "",
              "cluster_auth_base64": "LS0tLS1CRUdJTiBDRVJUSUZJQ0FURS0tLS0tCk1JSUN5RENDQWJDZ0F3SUJBZ0lCQURBTkJna3Foa2lHOXcwQkFRc0ZBREFWTVJNd0VRWURWUVFERXdwcmRXSmwKY201bGRHVnpNQjRYRFRJd01ESXlOakU0TkRFd04xb1hEVE13TURJeU16RTROREV3TjFvd0ZURVRNQkVHQTFVRQpBeE1LYTNWaVpYSnVaWFJsY3pDQ0FTSXdEUVlKS29aSWh2Y05BUUVCQlFBRGdnRVBBRENDQVFvQ2dnRUJBTXpxCm1ZKytWN2NnSWNUYnpicDkremNaTlV3bXR3UUZrdzhwME5yNkFpN3FwL1gyczNZMnZjRjgwNlcrQ201bldodU4KVmtwa05jU3J4UnJZQlpmak5vUXBmc1VlcXJrQWdIUDg0Q0RNNHZFSnI2UHl4M3ZPOE42KzdrOEJ5ZmMzaTBjRQpibGF4WnkrbklCbmV0eVNNV29jaFdqMUZYemhIeUJYN3VxMkhhaHhjVFIxc3E4UjVGV3BvenpBTXExb0NxS2l3CmNhVTJRY0JZbmdXSDRhZnNENU9YWU5nczhzeHlYMnM4MjZjdGxzcjBya0I4TUdWdDRtUHhwYlRmaEgxR0lRMksKclcvMjJWcSs1dVg0NjhaVkMzdEpnQ2Z5bVBzYlNDNVNnZ1c2K3FLeCtjU2pXdllCdlFmRTExWmRuVjNORHRlWAorM0JwSGFaRTFtNnFNVXBTRHJFQ0F3RUFBYU1qTUNFd0RnWURWUjBQQVFIL0JBUURBZ0trTUE4R0ExVWRFd0VCCi93UUZNQU1CQWY4d0RRWUpLb1pJaHZjTkFRRUxCUUFEZ2dFQkFMRWE2RG1xbU9nTzlObFdEenFTV04xcWtFWHAKcThuZTlKT0lVcWU0YUhxV2lFMkI3NlpDVFJIdDYxRWdQdUFkUlVQUWNlam5yK1RNUWwxYy9aZGtNaWVkbHJaKwpQVzdWS3pTVFRxWmVuTlpqZlo0Z3JtSVNJQ2xDYXRWREUxR3lZaHhOeTFPcEl5T2pONkdYNEtwellZbHA2SUY1ClFwU3Nwb2JQNXZkV2Fvdjg2OGVPa0ZleTJ4NTBNV0NBWG41QktrOFhweXBVcVJUYjY2YWhjdlNMU1pZNHhRSTAKU1lSSkFUcm93RkZtVk5VZFVqbThpTzFwcnp4bkYxdndySGh1aVlRaVRaNCs2VjVOOEU3UWRHMUlDNXBrK1h6bApFamlmMEs0MGJVQVRaVXFZSlp4TDdmdHNwZ2FaTml4bThVcHhzM1Q4ems4cHYwL2FReXF1NDljNkMwbz0KLS0tLS1FTkQgQ0VSVElGSUNBVEUtLS0tLQo=",
              "cluster_name": "cloudskiff-eks-OMRfvtq3",
              "endpoint": "https://3C4A239EE518025D36F99DFC3DD1E51E.yl4.us-east-2.eks.amazonaws.com",
              "kubelet_extra_args": "",
              "platform": "linux",
              "pre_userdata": ""
            }
          }
        }
      ]
    },
    {
      "module": "module.cluster-1",
      "mode": "data",
      "type": "template_file",
      "name": "worker_role_arns",
      "each": "list",
      "provider": "provider.template",
      "instances": [
        {
          "index_key": 0,
          "schema_version": 0,
          "attributes": {
            "filename": null,
            "id": "74862ab697788d79ff6b9ee4b300ef88fd4b07972262d1f45afb79ccb2e7fc08",
            "rendered": "    - rolearn: arn:aws:iam::377481363432:role/cloudskiff-eks-OMRfvtq320200226184400676200000006\n      username: system:node:{{EC2PrivateDNSName}}\n      groups:\n        - system:bootstrappers\n        - system:nodes\n",
            "template": "    - rolearn: ${worker_role_arn}\n      username: system:node:{{EC2PrivateDNSName}}\n      groups:\n        - system:bootstrappers\n        - system:nodes\n        %{~ if platform == \"windows\" ~}\n        - eks:kube-proxy-windows\n        %{~ endif ~}\n",
            "vars": {
              "platform": "linux",
              "worker_role_arn": "arn:aws:iam::377481363432:role/cloudskiff-eks-OMRfvtq320200226184400676200000006"
            }
          }
        }
      ]
    },
    {
      "module": "module.cluster-1",
      "mode": "managed",
      "type": "aws_autoscaling_group",
      "name": "workers",
      "each": "list",
      "provider": "provider.aws",
      "instances": [
        {
          "index_key": 0,
          "schema_version": 0,
          "attributes": {
            "arn": "arn:aws:autoscaling:us-east-2:377481363432:autoScalingGroup:88817c09-ff48-4479-a9a3-8b7bc59c4c5e:autoScalingGroupName/cloudskiff-eks-OMRfvtq3-1.14-wg-small2020022618441646690000000e",
            "availability_zones": [
              "us-east-2a",
              "us-east-2b",
              "us-east-2c"
            ],
            "default_cooldown": 300,
            "desired_capacity": 3,
            "enabled_metrics": null,
            "force_delete": false,
            "health_check_grace_period": 300,
            "health_check_type": "EC2",
            "id": "cloudskiff-eks-OMRfvtq3-1.14-wg-small2020022618441646690000000e",
            "initial_lifecycle_hook": [],
            "launch_configuration": "cloudskiff-eks-OMRfvtq3-1.14-wg-small2020022618440585710000000d",
            "launch_template": [],
            "load_balancers": [],
            "max_instance_lifetime": 0,
            "max_size": 4,
            "metrics_granularity": "1Minute",
            "min_elb_capacity": null,
            "min_size": 3,
            "mixed_instances_policy": [],
            "name": "cloudskiff-eks-OMRfvtq3-1.14-wg-small2020022618441646690000000e",
            "name_prefix": "cloudskiff-eks-OMRfvtq3-1.14-wg-small",
            "placement_group": "",
            "protect_from_scale_in": false,
            "service_linked_role_arn": "arn:aws:iam::377481363432:role/aws-service-role/autoscaling.amazonaws.com/AWSServiceRoleForAutoScaling",
            "suspended_processes": [
              "AZRebalance"
            ],
            "tag": [],
            "tags": [
              {
                "key": "Name",
                "propagate_at_launch": "true",
                "value": "cloudskiff-eks-OMRfvtq3-1.14-wg-small-eks_asg"
              },
              {
                "key": "kubernetes.io/cluster/cloudskiff-eks-OMRfvtq3",
                "propagate_at_launch": "true",
                "value": "owned"
              },
              {
                "key": "k8s.io/cluster/cloudskiff-eks-OMRfvtq3",
                "propagate_at_launch": "true",
                "value": "owned"
              },
              {
                "key": "k8s.io/cluster-autoscaler/disabled",
                "propagate_at_launch": "false",
                "value": "true"
              },
              {
                "key": "k8s.io/cluster-autoscaler/cloudskiff-eks-OMRfvtq3",
                "propagate_at_launch": "false",
                "value": "cloudskiff-eks-OMRfvtq3"
              },
              {
                "key": "k8s.io/cluster-autoscaler/node-template/resources/ephemeral-storage",
                "propagate_at_launch": "false",
                "value": "100Gi"
              },
              {
                "key": "CloudSkiff",
                "propagate_at_launch": "true",
                "value": "true"
              },
              {
                "key": "Terraform",
                "propagate_at_launch": "true",
                "value": "true"
              },
              {
                "key": "environment",
                "propagate_at_launch": "true",
                "value": "production"
              }
            ],
            "target_group_arns": [],
            "termination_policies": [],
            "timeouts": null,
            "vpc_zone_identifier": [
              "subnet-07cb66332f50f5504",
              "subnet-0c86f7da2093c8b87",
              "subnet-0c980fc747b170008"
            ],
            "wait_for_capacity_timeout": "10m",
            "wait_for_elb_capacity": null
          },
          "private": "eyJlMmJmYjczMC1lY2FhLTExZTYtOGY4OC0zNDM2M2JjN2M0YzAiOnsiZGVsZXRlIjo2MDAwMDAwMDAwMDB9fQ==",
          "dependencies": [
            "aws_key_pair.admin",
            "module.cluster-1.aws_cloudwatch_log_group.this",
            "module.cluster-1.aws_eks_cluster.this",
            "module.cluster-1.aws_iam_instance_profile.workers",
            "module.cluster-1.aws_iam_role.cluster",
            "module.cluster-1.aws_iam_role.workers",
            "module.cluster-1.aws_iam_role_policy_attachment.cluster_AmazonEKSClusterPolicy",
            "module.cluster-1.aws_iam_role_policy_attachment.cluster_AmazonEKSServicePolicy",
            "module.cluster-1.aws_launch_configuration.workers",
            "module.cluster-1.aws_security_group.cluster",
            "module.cluster-1.aws_security_group.workers",
            "module.cluster-1.random_pet.workers",
            "module.vpc.aws_subnet.private",
            "module.vpc.aws_vpc.this",
            "module.vpc.aws_vpc_ipv4_cidr_block_association.this",
            "random_string.suffix"
          ]
        }
      ]
    },
    {
      "module": "module.cluster-1",
      "mode": "managed",
      "type": "aws_autoscaling_group",
      "name": "workers_launch_template",
      "each": "list",
      "provider": "provider.aws",
      "instances": []
    },
    {
      "module": "module.cluster-1",
      "mode": "managed",
      "type": "aws_cloudwatch_log_group",
      "name": "this",
      "each": "list",
      "provider": "provider.aws",
      "instances": []
    },
    {
      "module": "module.vpc",
      "mode": "managed",
      "type": "aws_db_subnet_group",
      "name": "database",
      "each": "list",
      "provider": "provider.aws",
      "instances": []
    },
    {
      "module": "module.vpc",
      "mode": "managed",
      "type": "aws_default_network_acl",
      "name": "this",
      "each": "list",
      "provider": "provider.aws",
      "instances": []
    },
    {
      "module": "module.vpc",
      "mode": "managed",
      "type": "aws_default_vpc",
      "name": "this",
      "each": "list",
      "provider": "provider.aws",
      "instances": []
    },
    {
      "module": "module.vpc",
      "mode": "managed",
      "type": "aws_egress_only_internet_gateway",
      "name": "this",
      "each": "list",
      "provider": "provider.aws",
      "instances": []
    },
    {
      "module": "module.vpc",
      "mode": "managed",
      "type": "aws_eip",
      "name": "nat",
      "each": "list",
      "provider": "provider.aws",
      "instances": [
        {
          "index_key": 0,
          "schema_version": 0,
          "attributes": {
            "allocation_id": null,
            "associate_with_private_ip": null,
            "association_id": "",
            "domain": "vpc",
            "id": "eipalloc-0794d4e549993407f",
            "instance": "",
            "network_interface": "",
            "private_dns": null,
            "private_ip": "",
            "public_dns": "ec2-3-12-177-20.us-east-2.compute.amazonaws.com",
            "public_ip": "3.12.177.20",
            "public_ipv4_pool": "amazon",
            "tags": {
              "Name": "vpc-cloudskiff-us-east-2a",
              "kubernetes.io/cluster/cloudskiff-eks-OMRfvtq3": "owned"
            },
            "timeouts": null,
            "vpc": true
          },
          "private": "eyJlMmJmYjczMC1lY2FhLTExZTYtOGY4OC0zNDM2M2JjN2M0YzAiOnsiZGVsZXRlIjoxODAwMDAwMDAwMDAsInJlYWQiOjkwMDAwMDAwMDAwMCwidXBkYXRlIjozMDAwMDAwMDAwMDB9fQ==",
          "dependencies": [
            "random_string.suffix"
          ]
        }
      ]
    },
    {
      "module": "module.cluster-1",
      "mode": "managed",
      "type": "aws_eks_cluster",
      "name": "this",
      "provider": "provider.aws",
      "instances": [
        {
          "schema_version": 0,
          "attributes": {
            "arn": "arn:aws:eks:us-east-2:377481363432:cluster/cloudskiff-eks-OMRfvtq3",
            "certificate_authority": [
              {
                "data": "LS0tLS1CRUdJTiBDRVJUSUZJQ0FURS0tLS0tCk1JSUN5RENDQWJDZ0F3SUJBZ0lCQURBTkJna3Foa2lHOXcwQkFRc0ZBREFWTVJNd0VRWURWUVFERXdwcmRXSmwKY201bGRHVnpNQjRYRFRJd01ESXlOakU0TkRFd04xb1hEVE13TURJeU16RTROREV3TjFvd0ZURVRNQkVHQTFVRQpBeE1LYTNWaVpYSnVaWFJsY3pDQ0FTSXdEUVlKS29aSWh2Y05BUUVCQlFBRGdnRVBBRENDQVFvQ2dnRUJBTXpxCm1ZKytWN2NnSWNUYnpicDkremNaTlV3bXR3UUZrdzhwME5yNkFpN3FwL1gyczNZMnZjRjgwNlcrQ201bldodU4KVmtwa05jU3J4UnJZQlpmak5vUXBmc1VlcXJrQWdIUDg0Q0RNNHZFSnI2UHl4M3ZPOE42KzdrOEJ5ZmMzaTBjRQpibGF4WnkrbklCbmV0eVNNV29jaFdqMUZYemhIeUJYN3VxMkhhaHhjVFIxc3E4UjVGV3BvenpBTXExb0NxS2l3CmNhVTJRY0JZbmdXSDRhZnNENU9YWU5nczhzeHlYMnM4MjZjdGxzcjBya0I4TUdWdDRtUHhwYlRmaEgxR0lRMksKclcvMjJWcSs1dVg0NjhaVkMzdEpnQ2Z5bVBzYlNDNVNnZ1c2K3FLeCtjU2pXdllCdlFmRTExWmRuVjNORHRlWAorM0JwSGFaRTFtNnFNVXBTRHJFQ0F3RUFBYU1qTUNFd0RnWURWUjBQQVFIL0JBUURBZ0trTUE4R0ExVWRFd0VCCi93UUZNQU1CQWY4d0RRWUpLb1pJaHZjTkFRRUxCUUFEZ2dFQkFMRWE2RG1xbU9nTzlObFdEenFTV04xcWtFWHAKcThuZTlKT0lVcWU0YUhxV2lFMkI3NlpDVFJIdDYxRWdQdUFkUlVQUWNlam5yK1RNUWwxYy9aZGtNaWVkbHJaKwpQVzdWS3pTVFRxWmVuTlpqZlo0Z3JtSVNJQ2xDYXRWREUxR3lZaHhOeTFPcEl5T2pONkdYNEtwellZbHA2SUY1ClFwU3Nwb2JQNXZkV2Fvdjg2OGVPa0ZleTJ4NTBNV0NBWG41QktrOFhweXBVcVJUYjY2YWhjdlNMU1pZNHhRSTAKU1lSSkFUcm93RkZtVk5VZFVqbThpTzFwcnp4bkYxdndySGh1aVlRaVRaNCs2VjVOOEU3UWRHMUlDNXBrK1h6bApFamlmMEs0MGJVQVRaVXFZSlp4TDdmdHNwZ2FaTml4bThVcHhzM1Q4ems4cHYwL2FReXF1NDljNkMwbz0KLS0tLS1FTkQgQ0VSVElGSUNBVEUtLS0tLQo="
              }
            ],
            "created_at": "2020-02-26 18:33:26 +0000 UTC",
            "enabled_cluster_log_types": null,
            "endpoint": "https://3C4A239EE518025D36F99DFC3DD1E51E.yl4.us-east-2.eks.amazonaws.com",
            "id": "cloudskiff-eks-OMRfvtq3",
            "identity": [
              {
                "oidc": [
                  {
                    "issuer": "https://oidc.eks.us-east-2.amazonaws.com/id/3C4A239EE518025D36F99DFC3DD1E51E"
                  }
                ]
              }
            ],
            "name": "cloudskiff-eks-OMRfvtq3",
            "platform_version": "eks.8",
            "role_arn": "arn:aws:iam::377481363432:role/cloudskiff-eks-OMRfvtq320200226183315547100000001",
            "status": "ACTIVE",
            "tags": {
              "CloudSkiff": "true",
              "Terraform": "true",
              "environment": "production"
            },
            "timeouts": {
              "create": "30m",
              "delete": "15m",
              "update": null
            },
            "version": "1.14",
            "vpc_config": [
              {
                "cluster_security_group_id": "sg-00cc6559a6e7544a2",
                "endpoint_private_access": false,
                "endpoint_public_access": true,
                "public_access_cidrs": [
                  "0.0.0.0/0"
                ],
                "security_group_ids": [
                  "sg-0c9ee9719da94c7df"
                ],
                "subnet_ids": [
                  "subnet-07cb66332f50f5504",
                  "subnet-0c86f7da2093c8b87",
                  "subnet-0c980fc747b170008"
                ],
                "vpc_id": "vpc-0da93ec5baba9492c"
              }
            ]
          },
          "private": "eyJlMmJmYjczMC1lY2FhLTExZTYtOGY4OC0zNDM2M2JjN2M0YzAiOnsiY3JlYXRlIjoxODAwMDAwMDAwMDAwLCJkZWxldGUiOjkwMDAwMDAwMDAwMCwidXBkYXRlIjozNjAwMDAwMDAwMDAwfX0=",
          "dependencies": [
            "module.cluster-1.aws_cloudwatch_log_group.this",
            "module.cluster-1.aws_iam_role.cluster",
            "module.cluster-1.aws_iam_role_policy_attachment.cluster_AmazonEKSClusterPolicy",
            "module.cluster-1.aws_iam_role_policy_attachment.cluster_AmazonEKSServicePolicy",
            "module.cluster-1.aws_security_group.cluster",
            "module.vpc.aws_subnet.private",
            "module.vpc.aws_vpc.this",
            "module.vpc.aws_vpc_ipv4_cidr_block_association.this",
            "random_string.suffix"
          ]
        }
      ]
    },
    {
      "module": "module.vpc",
      "mode": "managed",
      "type": "aws_elasticache_subnet_group",
      "name": "elasticache",
      "each": "list",
      "provider": "provider.aws",
      "instances": []
    },
    {
      "module": "module.cluster-1",
      "mode": "managed",
      "type": "aws_iam_instance_profile",
      "name": "workers",
      "each": "list",
      "provider": "provider.aws",
      "instances": [
        {
          "index_key": 0,
          "schema_version": 0,
          "attributes": {
            "arn": "arn:aws:iam::377481363432:instance-profile/cloudskiff-eks-OMRfvtq320200226184402722500000008",
            "create_date": "2020-02-26T18:44:04Z",
            "id": "cloudskiff-eks-OMRfvtq320200226184402722500000008",
            "name": "cloudskiff-eks-OMRfvtq320200226184402722500000008",
            "name_prefix": "cloudskiff-eks-OMRfvtq3",
            "path": "/",
            "role": "cloudskiff-eks-OMRfvtq320200226184400676200000006",
            "roles": [],
            "unique_id": "AIPAVPY5EP7UGW724JR5K"
          },
          "private": "bnVsbA==",
          "dependencies": [
            "module.cluster-1.aws_cloudwatch_log_group.this",
            "module.cluster-1.aws_eks_cluster.this",
            "module.cluster-1.aws_iam_role.cluster",
            "module.cluster-1.aws_iam_role.workers",
            "module.cluster-1.aws_iam_role_policy_attachment.cluster_AmazonEKSClusterPolicy",
            "module.cluster-1.aws_iam_role_policy_attachment.cluster_AmazonEKSServicePolicy",
            "module.cluster-1.aws_security_group.cluster",
            "module.vpc.aws_subnet.private",
            "module.vpc.aws_vpc.this",
            "module.vpc.aws_vpc_ipv4_cidr_block_association.this",
            "random_string.suffix"
          ]
        }
      ]
    },
    {
      "module": "module.cluster-1",
      "mode": "managed",
      "type": "aws_iam_instance_profile",
      "name": "workers_launch_template",
      "each": "list",
      "provider": "provider.aws",
      "instances": []
    },
    {
      "module": "module.cluster-1",
      "mode": "managed",
      "type": "aws_iam_policy",
      "name": "worker_autoscaling",
      "each": "list",
      "provider": "provider.aws",
      "instances": [
        {
          "index_key": 0,
          "schema_version": 0,
          "attributes": {
            "arn": "arn:aws:iam::377481363432:policy/eks-worker-autoscaling-cloudskiff-eks-OMRfvtq320200226184400761100000007",
            "description": "EKS worker node autoscaling policy for cluster cloudskiff-eks-OMRfvtq3",
            "id": "arn:aws:iam::377481363432:policy/eks-worker-autoscaling-cloudskiff-eks-OMRfvtq320200226184400761100000007",
            "name": "eks-worker-autoscaling-cloudskiff-eks-OMRfvtq320200226184400761100000007",
            "name_prefix": "eks-worker-autoscaling-cloudskiff-eks-OMRfvtq3",
            "path": "/",
            "policy": "{\n  \"Version\": \"2012-10-17\",\n  \"Statement\": [\n    {\n      \"Sid\": \"eksWorkerAutoscalingAll\",\n      \"Effect\": \"Allow\",\n      \"Action\": [\n        \"ec2:DescribeLaunchTemplateVersions\",\n        \"autoscaling:DescribeTags\",\n        \"autoscaling:DescribeLaunchConfigurations\",\n        \"autoscaling:DescribeAutoScalingInstances\",\n        \"autoscaling:DescribeAutoScalingGroups\"\n      ],\n      \"Resource\": \"*\"\n    },\n    {\n      \"Sid\": \"eksWorkerAutoscalingOwn\",\n      \"Effect\": \"Allow\",\n      \"Action\": [\n        \"autoscaling:UpdateAutoScalingGroup\",\n        \"autoscaling:TerminateInstanceInAutoScalingGroup\",\n        \"autoscaling:SetDesiredCapacity\"\n      ],\n      \"Resource\": \"*\",\n      \"Condition\": {\n        \"StringEquals\": {\n          \"autoscaling:ResourceTag/k8s.io/cluster-autoscaler/enabled\": \"true\",\n          \"autoscaling:ResourceTag/kubernetes.io/cluster/cloudskiff-eks-OMRfvtq3\": \"owned\"\n        }\n      }\n    }\n  ]\n}"
          },
          "private": "bnVsbA==",
          "dependencies": [
            "module.cluster-1.aws_cloudwatch_log_group.this",
            "module.cluster-1.aws_eks_cluster.this",
            "module.cluster-1.aws_iam_role.cluster",
            "module.cluster-1.aws_iam_role_policy_attachment.cluster_AmazonEKSClusterPolicy",
            "module.cluster-1.aws_iam_role_policy_attachment.cluster_AmazonEKSServicePolicy",
            "module.cluster-1.aws_security_group.cluster",
            "module.vpc.aws_subnet.private",
            "module.vpc.aws_vpc.this",
            "module.vpc.aws_vpc_ipv4_cidr_block_association.this",
            "random_string.suffix"
          ]
        }
      ]
    },
    {
      "module": "module.cluster-1",
      "mode": "managed",
      "type": "aws_iam_role",
      "name": "cluster",
      "each": "list",
      "provider": "provider.aws",
      "instances": [
        {
          "index_key": 0,
          "schema_version": 0,
          "attributes": {
            "arn": "arn:aws:iam::377481363432:role/cloudskiff-eks-OMRfvtq320200226183315547100000001",
            "assume_role_policy": "{\"Version\":\"2012-10-17\",\"Statement\":[{\"Sid\":\"EKSClusterAssumeRole\",\"Effect\":\"Allow\",\"Principal\":{\"Service\":\"eks.amazonaws.com\"},\"Action\":\"sts:AssumeRole\"}]}",
            "create_date": "2020-02-26T18:33:15Z",
            "description": "",
            "force_detach_policies": true,
            "id": "cloudskiff-eks-OMRfvtq320200226183315547100000001",
            "max_session_duration": 3600,
            "name": "cloudskiff-eks-OMRfvtq320200226183315547100000001",
            "name_prefix": "cloudskiff-eks-OMRfvtq3",
            "path": "/",
            "permissions_boundary": null,
            "tags": {
              "CloudSkiff": "true",
              "Terraform": "true",
              "environment": "production"
            },
            "unique_id": "AROAVPY5EP7UABK6VDQ26"
          },
          "private": "bnVsbA==",
          "dependencies": [
            "random_string.suffix"
          ]
        }
      ]
    },
    {
      "module": "module.cluster-1",
      "mode": "managed",
      "type": "aws_iam_role",
      "name": "workers",
      "each": "list",
      "provider": "provider.aws",
      "instances": [
        {
          "index_key": 0,
          "schema_version": 0,
          "attributes": {
            "arn": "arn:aws:iam::377481363432:role/cloudskiff-eks-OMRfvtq320200226184400676200000006",
            "assume_role_policy": "{\"Version\":\"2012-10-17\",\"Statement\":[{\"Sid\":\"EKSWorkerAssumeRole\",\"Effect\":\"Allow\",\"Principal\":{\"Service\":\"ec2.amazonaws.com\"},\"Action\":\"sts:AssumeRole\"}]}",
            "create_date": "2020-02-26T18:44:01Z",
            "description": "",
            "force_detach_policies": true,
            "id": "cloudskiff-eks-OMRfvtq320200226184400676200000006",
            "max_session_duration": 3600,
            "name": "cloudskiff-eks-OMRfvtq320200226184400676200000006",
            "name_prefix": "cloudskiff-eks-OMRfvtq3",
            "path": "/",
            "permissions_boundary": null,
            "tags": {
              "CloudSkiff": "true",
              "Terraform": "true",
              "environment": "production"
            },
            "unique_id": "AROAVPY5EP7UNR5LUFBC5"
          },
          "private": "bnVsbA==",
          "dependencies": [
            "module.cluster-1.aws_cloudwatch_log_group.this",
            "module.cluster-1.aws_eks_cluster.this",
            "module.cluster-1.aws_iam_role.cluster",
            "module.cluster-1.aws_iam_role_policy_attachment.cluster_AmazonEKSClusterPolicy",
            "module.cluster-1.aws_iam_role_policy_attachment.cluster_AmazonEKSServicePolicy",
            "module.cluster-1.aws_security_group.cluster",
            "module.vpc.aws_subnet.private",
            "module.vpc.aws_vpc.this",
            "module.vpc.aws_vpc_ipv4_cidr_block_association.this",
            "random_string.suffix"
          ]
        }
      ]
    },
    {
      "module": "module.cluster-1",
      "mode": "managed",
      "type": "aws_iam_role_policy_attachment",
      "name": "cluster_AmazonEKSClusterPolicy",
      "each": "list",
      "provider": "provider.aws",
      "instances": [
        {
          "index_key": 0,
          "schema_version": 0,
          "attributes": {
            "id": "cloudskiff-eks-OMRfvtq320200226183315547100000001-20200226183316869800000003",
            "policy_arn": "arn:aws:iam::aws:policy/AmazonEKSClusterPolicy",
            "role": "cloudskiff-eks-OMRfvtq320200226183315547100000001"
          },
          "private": "bnVsbA==",
          "dependencies": [
            "module.cluster-1.aws_iam_role.cluster",
            "random_string.suffix"
          ]
        }
      ]
    },
    {
      "module": "module.cluster-1",
      "mode": "managed",
      "type": "aws_iam_role_policy_attachment",
      "name": "cluster_AmazonEKSServicePolicy",
      "each": "list",
      "provider": "provider.aws",
      "instances": [
        {
          "index_key": 0,
          "schema_version": 0,
          "attributes": {
            "id": "cloudskiff-eks-OMRfvtq320200226183315547100000001-20200226183316793200000002",
            "policy_arn": "arn:aws:iam::aws:policy/AmazonEKSServicePolicy",
            "role": "cloudskiff-eks-OMRfvtq320200226183315547100000001"
          },
          "private": "bnVsbA==",
          "dependencies": [
            "module.cluster-1.aws_iam_role.cluster",
            "random_string.suffix"
          ]
        }
      ]
    },
    {
      "module": "module.cluster-1",
      "mode": "managed",
      "type": "aws_iam_role_policy_attachment",
      "name": "workers_AmazonEC2ContainerRegistryReadOnly",
      "each": "list",
      "provider": "provider.aws",
      "instances": [
        {
          "index_key": 0,
          "schema_version": 0,
          "attributes": {
            "id": "cloudskiff-eks-OMRfvtq320200226184400676200000006-2020022618440319360000000b",
            "policy_arn": "arn:aws:iam::aws:policy/AmazonEC2ContainerRegistryReadOnly",
            "role": "cloudskiff-eks-OMRfvtq320200226184400676200000006"
          },
          "private": "bnVsbA==",
          "dependencies": [
            "module.cluster-1.aws_cloudwatch_log_group.this",
            "module.cluster-1.aws_eks_cluster.this",
            "module.cluster-1.aws_iam_role.cluster",
            "module.cluster-1.aws_iam_role.workers",
            "module.cluster-1.aws_iam_role_policy_attachment.cluster_AmazonEKSClusterPolicy",
            "module.cluster-1.aws_iam_role_policy_attachment.cluster_AmazonEKSServicePolicy",
            "module.cluster-1.aws_security_group.cluster",
            "module.vpc.aws_subnet.private",
            "module.vpc.aws_vpc.this",
            "module.vpc.aws_vpc_ipv4_cidr_block_association.this",
            "random_string.suffix"
          ]
        }
      ]
    },
    {
      "module": "module.cluster-1",
      "mode": "managed",
      "type": "aws_iam_role_policy_attachment",
      "name": "workers_AmazonEKSWorkerNodePolicy",
      "each": "list",
      "provider": "provider.aws",
      "instances": [
        {
          "index_key": 0,
          "schema_version": 0,
          "attributes": {
            "id": "cloudskiff-eks-OMRfvtq320200226184400676200000006-20200226184403183200000009",
            "policy_arn": "arn:aws:iam::aws:policy/AmazonEKSWorkerNodePolicy",
            "role": "cloudskiff-eks-OMRfvtq320200226184400676200000006"
          },
          "private": "bnVsbA==",
          "dependencies": [
            "module.cluster-1.aws_cloudwatch_log_group.this",
            "module.cluster-1.aws_eks_cluster.this",
            "module.cluster-1.aws_iam_role.cluster",
            "module.cluster-1.aws_iam_role.workers",
            "module.cluster-1.aws_iam_role_policy_attachment.cluster_AmazonEKSClusterPolicy",
            "module.cluster-1.aws_iam_role_policy_attachment.cluster_AmazonEKSServicePolicy",
            "module.cluster-1.aws_security_group.cluster",
            "module.vpc.aws_subnet.private",
            "module.vpc.aws_vpc.this",
            "module.vpc.aws_vpc_ipv4_cidr_block_association.this",
            "random_string.suffix"
          ]
        }
      ]
    },
    {
      "module": "module.cluster-1",
      "mode": "managed",
      "type": "aws_iam_role_policy_attachment",
      "name": "workers_AmazonEKS_CNI_Policy",
      "each": "list",
      "provider": "provider.aws",
      "instances": [
        {
          "index_key": 0,
          "schema_version": 0,
          "attributes": {
            "id": "cloudskiff-eks-OMRfvtq320200226184400676200000006-2020022618440320350000000c",
            "policy_arn": "arn:aws:iam::aws:policy/AmazonEKS_CNI_Policy",
            "role": "cloudskiff-eks-OMRfvtq320200226184400676200000006"
          },
          "private": "bnVsbA==",
          "dependencies": [
            "module.cluster-1.aws_cloudwatch_log_group.this",
            "module.cluster-1.aws_eks_cluster.this",
            "module.cluster-1.aws_iam_role.cluster",
            "module.cluster-1.aws_iam_role.workers",
            "module.cluster-1.aws_iam_role_policy_attachment.cluster_AmazonEKSClusterPolicy",
            "module.cluster-1.aws_iam_role_policy_attachment.cluster_AmazonEKSServicePolicy",
            "module.cluster-1.aws_security_group.cluster",
            "module.vpc.aws_subnet.private",
            "module.vpc.aws_vpc.this",
            "module.vpc.aws_vpc_ipv4_cidr_block_association.this",
            "random_string.suffix"
          ]
        }
      ]
    },
    {
      "module": "module.cluster-1",
      "mode": "managed",
      "type": "aws_iam_role_policy_attachment",
      "name": "workers_additional_policies",
      "each": "list",
      "provider": "provider.aws",
      "instances": []
    },
    {
      "module": "module.cluster-1",
      "mode": "managed",
      "type": "aws_iam_role_policy_attachment",
      "name": "workers_autoscaling",
      "each": "list",
      "provider": "provider.aws",
      "instances": [
        {
          "index_key": 0,
          "schema_version": 0,
          "attributes": {
            "id": "cloudskiff-eks-OMRfvtq320200226184400676200000006-2020022618440318830000000a",
            "policy_arn": "arn:aws:iam::377481363432:policy/eks-worker-autoscaling-cloudskiff-eks-OMRfvtq320200226184400761100000007",
            "role": "cloudskiff-eks-OMRfvtq320200226184400676200000006"
          },
          "private": "bnVsbA==",
          "dependencies": [
            "module.cluster-1.aws_cloudwatch_log_group.this",
            "module.cluster-1.aws_eks_cluster.this",
            "module.cluster-1.aws_iam_policy.worker_autoscaling",
            "module.cluster-1.aws_iam_role.cluster",
            "module.cluster-1.aws_iam_role.workers",
            "module.cluster-1.aws_iam_role_policy_attachment.cluster_AmazonEKSClusterPolicy",
            "module.cluster-1.aws_iam_role_policy_attachment.cluster_AmazonEKSServicePolicy",
            "module.cluster-1.aws_security_group.cluster",
            "module.vpc.aws_subnet.private",
            "module.vpc.aws_vpc.this",
            "module.vpc.aws_vpc_ipv4_cidr_block_association.this",
            "random_string.suffix"
          ]
        }
      ]
    },
    {
      "module": "module.vpc",
      "mode": "managed",
      "type": "aws_internet_gateway",
      "name": "this",
      "each": "list",
      "provider": "provider.aws",
      "instances": [
        {
          "index_key": 0,
          "schema_version": 0,
          "attributes": {
            "id": "igw-0d61fb144b535ffd9",
            "owner_id": "377481363432",
            "tags": {
              "Name": "vpc-cloudskiff",
              "kubernetes.io/cluster/cloudskiff-eks-OMRfvtq3": "owned"
            },
            "vpc_id": "vpc-0da93ec5baba9492c"
          },
          "private": "bnVsbA==",
          "dependencies": [
            "module.vpc.aws_vpc.this",
            "module.vpc.aws_vpc_ipv4_cidr_block_association.this",
            "random_string.suffix"
          ]
        }
      ]
    },
    {
      "mode": "managed",
      "type": "aws_key_pair",
      "name": "admin",
      "provider": "provider.aws",
      "instances": [
        {
          "schema_version": 1,
          "attributes": {
            "fingerprint": "cb:02:bd:b7:e7:56:1b:ce:a0:4d:7d:cd:19:f7:8a:7c",
            "id": "admin-key-OMRfvtq3",
            "key_name": "admin-key-OMRfvtq3",
            "key_name_prefix": null,
            "key_pair_id": "key-00d1cdb0e9c74e46c",
            "public_key": "ssh-rsa AAAAB3NzaC1yc2EAAAADAQABAAACAQCwIPv/dbW28rsO6dBPPt4TiSUziTtkRK9x6CQwOOiVXezUfKljlwxt4FVIaZyOREH6SC7+JjyJGz/64pmxI1nRCRVtaBqUaXFT/5UDWTgVQB99l5L89dzEU6/D6KDqcwozbAvQvJgHeYs7v1t3qBWmf6yf6i12ISjHWuuRZ5a5FsAx4rKxtiE9lSYCnljWytMsFpVL5COJd2LhAcDhvReSSorG+NBww/ZJbi+gTcUwQkOGvzLkWkhiUE91v9UgjNssYtMkc+xamoeH9P0DKlh4wVOgOzTNfp63NFWxMCP9EWcCLz029O2+kGb3qcQ3WDPQJrK6AL2HzNMUYyFoTzEBd16y0MY89G3yrKKKOJsxP1vc7sZzuy7+x+CdlnR6gtopBAg87OzVNLqcQEEUkWsUhDsJ8Cpu7TJMzo8X/svQE4G/6sakMzNMB6J1m3knSVgjYUHCxcZNfppv5hohqMLu9GddUqvVlamMfR0pHBko/K8wTti9ESveMhN2QsbkDFczbvdcjgBOsXrhilVmwbZb68tbaf4mVVxQdo2rgUGdaY1O5/jszr1R9wdfJC9P6dfA5aRHqn3p9BR/yJbCvStre3lqkPR/SIqkE26hPOVPMLqhuTQi6lHnswu0n2Fv1LDh7cbI1OEQ6xtKFtUMSjERQAjmziWm7CtjlEtBbR8H8Q== savinesh@f01898868c9c.ant.amazon.com",
            "tags": null
          },
          "private": "eyJzY2hlbWFfdmVyc2lvbiI6IjEifQ==",
          "dependencies": [
            "random_string.suffix"
          ]
        }
      ]
    },
    {
      "module": "module.cluster-1",
      "mode": "managed",
      "type": "aws_launch_configuration",
      "name": "workers",
      "each": "list",
      "provider": "provider.aws",
      "instances": [
        {
          "index_key": 0,
          "schema_version": 0,
          "attributes": {
            "arn": "arn:aws:autoscaling:us-east-2:377481363432:launchConfiguration:69220efa-c225-489a-98d2-321f3647fb2a:launchConfigurationName/cloudskiff-eks-OMRfvtq3-1.14-wg-small2020022618440585710000000d",
            "associate_public_ip_address": false,
            "ebs_block_device": [],
            "ebs_optimized": true,
            "enable_monitoring": true,
            "ephemeral_block_device": [],
            "iam_instance_profile": "cloudskiff-eks-OMRfvtq320200226184402722500000008",
            "id": "cloudskiff-eks-OMRfvtq3-1.14-wg-small2020022618440585710000000d",
            "image_id": "ami-074f0e3f73e526e8c",
            "instance_type": "t3.2xlarge",
            "key_name": "admin-key-OMRfvtq3",
            "name": "cloudskiff-eks-OMRfvtq3-1.14-wg-small2020022618440585710000000d",
            "name_prefix": "cloudskiff-eks-OMRfvtq3-1.14-wg-small",
            "placement_tenancy": "",
            "root_block_device": [
              {
                "delete_on_termination": true,
                "encrypted": false,
                "iops": 0,
                "volume_size": 100,
                "volume_type": "gp2"
              }
            ],
            "security_groups": [
              "sg-0b0f5f53dce96e377"
            ],
            "spot_price": "",
            "user_data": null,
            "user_data_base64": "IyEvYmluL2Jhc2ggLXhlCgojIEFsbG93IHVzZXIgc3VwcGxpZWQgcHJlIHVzZXJkYXRhIGNvZGUKCgojIEJvb3RzdHJhcCBhbmQgam9pbiB0aGUgY2x1c3RlcgovZXRjL2Vrcy9ib290c3RyYXAuc2ggLS1iNjQtY2x1c3Rlci1jYSAnTFMwdExTMUNSVWRKVGlCRFJWSlVTVVpKUTBGVVJTMHRMUzB0Q2sxSlNVTjVSRU5EUVdKRFowRjNTVUpCWjBsQ1FVUkJUa0puYTNGb2EybEhPWGN3UWtGUmMwWkJSRUZXVFZKTmQwVlJXVVJXVVZGRVJYZHdjbVJYU213S1kyMDFiR1JIVm5wTlFqUllSRlJKZDAxRVNYbE9ha1UwVGtSRmQwNHhiMWhFVkUxM1RVUkplVTE2UlRST1JFVjNUakZ2ZDBaVVJWUk5Ra1ZIUVRGVlJRcEJlRTFMWVROV2FWcFlTblZhV0ZKc1kzcERRMEZUU1hkRVVWbEtTMjlhU1doMlkwNUJVVVZDUWxGQlJHZG5SVkJCUkVORFFWRnZRMmRuUlVKQlRYcHhDbTFaS3l0V04yTm5TV05VWW5waWNEa3JlbU5hVGxWM2JYUjNVVVpyZHpod01FNXlOa0ZwTjNGd0wxZ3ljek5aTW5aalJqZ3dObGNyUTIwMWJsZG9kVTRLVm10d2EwNWpVM0o0VW5KWlFscG1hazV2VVhCbWMxVmxjWEpyUVdkSVVEZzBRMFJOTkhaRlNuSTJVSGw0TTNaUE9FNDJLemRyT0VKNVptTXphVEJqUlFwaWJHRjRXbmtyYmtsQ2JtVjBlVk5OVjI5amFGZHFNVVpZZW1oSWVVSllOM1Z4TWtoaGFIaGpWRkl4YzNFNFVqVkdWM0J2ZW5wQlRYRXhiME54UzJsM0NtTmhWVEpSWTBKWmJtZFhTRFJoWm5ORU5VOVlXVTVuY3poemVIbFlNbk00TWpaamRHeHpjakJ5YTBJNFRVZFdkRFJ0VUhod1lsUm1hRWd4UjBsUk1rc0tjbGN2TWpKV2NTczFkVmcwTmpoYVZrTXpkRXBuUTJaNWJWQnpZbE5ETlZObloxYzJLM0ZMZUN0alUycFhkbGxDZGxGbVJURXhXbVJ1VmpOT1JIUmxXQW9yTTBKd1NHRmFSVEZ0Tm5GTlZYQlRSSEpGUTBGM1JVRkJZVTFxVFVORmQwUm5XVVJXVWpCUVFWRklMMEpCVVVSQlowdHJUVUU0UjBFeFZXUkZkMFZDQ2k5M1VVWk5RVTFDUVdZNGQwUlJXVXBMYjFwSmFIWmpUa0ZSUlV4Q1VVRkVaMmRGUWtGTVJXRTJSRzF4YlU5blR6bE9iRmRFZW5GVFYwNHhjV3RGV0hBS2NUaHVaVGxLVDBsVmNXVTBZVWh4VjJsRk1rSTNObHBEVkZKSWREWXhSV2RRZFVGa1VsVlFVV05sYW01eUsxUk5VV3d4WXk5YVpHdE5hV1ZrYkhKYUt3cFFWemRXUzNwVFZGUnhXbVZ1VGxwcVpsbzBaM0p0U1ZOSlEyeERZWFJXUkVVeFIzbFphSGhPZVRGUGNFbDVUMnBPTmtkWU5FdHdlbGxaYkhBMlNVWTFDbEZ3VTNOd2IySlFOWFprVjJGdmRqZzJPR1ZQYTBabGVUSjROVEJOVjBOQldHNDFRa3RyT0Zod2VYQlZjVkpVWWpZMllXaGpkbE5NVTFwWk5IaFJTVEFLVTFsU1NrRlVjbTkzUmtadFZrNVZaRlZxYlRocFR6RndjbnA0YmtZeGRuZHlTR2gxYVZsUmFWUmFOQ3MyVmpWT09FVTNVV1JITVVsRE5YQnJLMWg2YkFwRmFtbG1NRXMwTUdKVlFWUmFWWEZaU2xwNFREZG1kSE53WjJGYVRtbDRiVGhWY0hoek0xUTRlbXM0Y0hZd0wyRlJlWEYxTkRsak5rTXdiejBLTFMwdExTMUZUa1FnUTBWU1ZFbEdTVU5CVkVVdExTMHRMUW89JyAtLWFwaXNlcnZlci1lbmRwb2ludCAnaHR0cHM6Ly8zQzRBMjM5RUU1MTgwMjVEMzZGOTlERkMzREQxRTUxRS55bDQudXMtZWFzdC0yLmVrcy5hbWF6b25hd3MuY29tJyAgLS1rdWJlbGV0LWV4dHJhLWFyZ3MgIiIgJ2Nsb3Vkc2tpZmYtZWtzLU9NUmZ2dHEzJwoKIyBBbGxvdyB1c2VyIHN1cHBsaWVkIHVzZXJkYXRhIGNvZGUKCg==",
            "vpc_classic_link_id": "",
            "vpc_classic_link_security_groups": null
          },
          "private": "bnVsbA==",
          "dependencies": [
            "aws_key_pair.admin",
            "module.cluster-1.aws_cloudwatch_log_group.this",
            "module.cluster-1.aws_eks_cluster.this",
            "module.cluster-1.aws_iam_instance_profile.workers",
            "module.cluster-1.aws_iam_role.cluster",
            "module.cluster-1.aws_iam_role.workers",
            "module.cluster-1.aws_iam_role_policy_attachment.cluster_AmazonEKSClusterPolicy",
            "module.cluster-1.aws_iam_role_policy_attachment.cluster_AmazonEKSServicePolicy",
            "module.cluster-1.aws_security_group.cluster",
            "module.cluster-1.aws_security_group.workers",
            "module.vpc.aws_subnet.private",
            "module.vpc.aws_vpc.this",
            "module.vpc.aws_vpc_ipv4_cidr_block_association.this",
            "random_string.suffix"
          ]
        }
      ]
    },
    {
      "module": "module.cluster-1",
      "mode": "managed",
      "type": "aws_launch_template",
      "name": "workers_launch_template",
      "each": "list",
      "provider": "provider.aws",
      "instances": []
    },
    {
      "module": "module.vpc",
      "mode": "managed",
      "type": "aws_nat_gateway",
      "name": "this",
      "each": "list",
      "provider": "provider.aws",
      "instances": [
        {
          "index_key": 0,
          "schema_version": 0,
          "attributes": {
            "allocation_id": "eipalloc-0794d4e549993407f",
            "id": "nat-0a5963abb139a483e",
            "network_interface_id": "eni-09ad654e9cea6b1bf",
            "private_ip": "10.0.4.47",
            "public_ip": "3.12.177.20",
            "subnet_id": "subnet-07e2e1ee5be32b0a0",
            "tags": {
              "Name": "vpc-cloudskiff-us-east-2a",
              "kubernetes.io/cluster/cloudskiff-eks-OMRfvtq3": "owned"
            }
          },
          "private": "bnVsbA==",
          "dependencies": [
            "module.vpc.aws_eip.nat",
            "module.vpc.aws_internet_gateway.this",
            "module.vpc.aws_subnet.public",
            "module.vpc.aws_vpc.this",
            "module.vpc.aws_vpc_ipv4_cidr_block_association.this",
            "random_string.suffix"
          ]
        }
      ]
    },
    {
      "module": "module.vpc",
      "mode": "managed",
      "type": "aws_network_acl",
      "name": "database",
      "each": "list",
      "provider": "provider.aws",
      "instances": []
    },
    {
      "module": "module.vpc",
      "mode": "managed",
      "type": "aws_network_acl",
      "name": "elasticache",
      "each": "list",
      "provider": "provider.aws",
      "instances": []
    },
    {
      "module": "module.vpc",
      "mode": "managed",
      "type": "aws_network_acl",
      "name": "intra",
      "each": "list",
      "provider": "provider.aws",
      "instances": []
    },
    {
      "module": "module.vpc",
      "mode": "managed",
      "type": "aws_network_acl",
      "name": "private",
      "each": "list",
      "provider": "provider.aws",
      "instances": []
    },
    {
      "module": "module.vpc",
      "mode": "managed",
      "type": "aws_network_acl",
      "name": "public",
      "each": "list",
      "provider": "provider.aws",
      "instances": []
    },
    {
      "module": "module.vpc",
      "mode": "managed",
      "type": "aws_network_acl",
      "name": "redshift",
      "each": "list",
      "provider": "provider.aws",
      "instances": []
    },
    {
      "module": "module.vpc",
      "mode": "managed",
      "type": "aws_network_acl_rule",
      "name": "database_inbound",
      "each": "list",
      "provider": "provider.aws",
      "instances": []
    },
    {
      "module": "module.vpc",
      "mode": "managed",
      "type": "aws_network_acl_rule",
      "name": "database_outbound",
      "each": "list",
      "provider": "provider.aws",
      "instances": []
    },
    {
      "module": "module.vpc",
      "mode": "managed",
      "type": "aws_network_acl_rule",
      "name": "elasticache_inbound",
      "each": "list",
      "provider": "provider.aws",
      "instances": []
    },
    {
      "module": "module.vpc",
      "mode": "managed",
      "type": "aws_network_acl_rule",
      "name": "elasticache_outbound",
      "each": "list",
      "provider": "provider.aws",
      "instances": []
    },
    {
      "module": "module.vpc",
      "mode": "managed",
      "type": "aws_network_acl_rule",
      "name": "intra_inbound",
      "each": "list",
      "provider": "provider.aws",
      "instances": []
    },
    {
      "module": "module.vpc",
      "mode": "managed",
      "type": "aws_network_acl_rule",
      "name": "intra_outbound",
      "each": "list",
      "provider": "provider.aws",
      "instances": []
    },
    {
      "module": "module.vpc",
      "mode": "managed",
      "type": "aws_network_acl_rule",
      "name": "private_inbound",
      "each": "list",
      "provider": "provider.aws",
      "instances": []
    },
    {
      "module": "module.vpc",
      "mode": "managed",
      "type": "aws_network_acl_rule",
      "name": "private_outbound",
      "each": "list",
      "provider": "provider.aws",
      "instances": []
    },
    {
      "module": "module.vpc",
      "mode": "managed",
      "type": "aws_network_acl_rule",
      "name": "public_inbound",
      "each": "list",
      "provider": "provider.aws",
      "instances": []
    },
    {
      "module": "module.vpc",
      "mode": "managed",
      "type": "aws_network_acl_rule",
      "name": "public_outbound",
      "each": "list",
      "provider": "provider.aws",
      "instances": []
    },
    {
      "module": "module.vpc",
      "mode": "managed",
      "type": "aws_network_acl_rule",
      "name": "redshift_inbound",
      "each": "list",
      "provider": "provider.aws",
      "instances": []
    },
    {
      "module": "module.vpc",
      "mode": "managed",
      "type": "aws_network_acl_rule",
      "name": "redshift_outbound",
      "each": "list",
      "provider": "provider.aws",
      "instances": []
    },
    {
      "module": "module.vpc",
      "mode": "managed",
      "type": "aws_redshift_subnet_group",
      "name": "redshift",
      "each": "list",
      "provider": "provider.aws",
      "instances": []
    },
    {
      "module": "module.vpc",
      "mode": "managed",
      "type": "aws_route",
      "name": "database_internet_gateway",
      "each": "list",
      "provider": "provider.aws",
      "instances": []
    },
    {
      "module": "module.vpc",
      "mode": "managed",
      "type": "aws_route",
      "name": "database_ipv6_egress",
      "each": "list",
      "provider": "provider.aws",
      "instances": []
    },
    {
      "module": "module.vpc",
      "mode": "managed",
      "type": "aws_route",
      "name": "database_nat_gateway",
      "each": "list",
      "provider": "provider.aws",
      "instances": []
    },
    {
      "module": "module.vpc",
      "mode": "managed",
      "type": "aws_route",
      "name": "private_ipv6_egress",
      "each": "list",
      "provider": "provider.aws",
      "instances": []
    },
    {
      "module": "module.vpc",
      "mode": "managed",
      "type": "aws_route",
      "name": "private_nat_gateway",
      "each": "list",
      "provider": "provider.aws",
      "instances": [
        {
          "index_key": 0,
          "schema_version": 0,
          "attributes": {
            "destination_cidr_block": "0.0.0.0/0",
            "destination_ipv6_cidr_block": null,
            "destination_prefix_list_id": "",
            "egress_only_gateway_id": "",
            "gateway_id": "",
            "id": "r-rtb-0e2fbb80d6d65042c1080289494",
            "instance_id": "",
            "instance_owner_id": "",
            "nat_gateway_id": "nat-0a5963abb139a483e",
            "network_interface_id": "",
            "origin": "CreateRoute",
            "route_table_id": "rtb-0e2fbb80d6d65042c",
            "state": "active",
            "timeouts": {
              "create": "5m",
              "delete": null
            },
            "transit_gateway_id": "",
            "vpc_peering_connection_id": ""
          },
          "private": "eyJlMmJmYjczMC1lY2FhLTExZTYtOGY4OC0zNDM2M2JjN2M0YzAiOnsiY3JlYXRlIjozMDAwMDAwMDAwMDAsImRlbGV0ZSI6MzAwMDAwMDAwMDAwfX0=",
          "dependencies": [
            "module.vpc.aws_eip.nat",
            "module.vpc.aws_internet_gateway.this",
            "module.vpc.aws_nat_gateway.this",
            "module.vpc.aws_route_table.private",
            "module.vpc.aws_subnet.public",
            "module.vpc.aws_vpc.this",
            "module.vpc.aws_vpc_ipv4_cidr_block_association.this",
            "random_string.suffix"
          ]
        }
      ]
    },
    {
      "module": "module.vpc",
      "mode": "managed",
      "type": "aws_route",
      "name": "public_internet_gateway",
      "each": "list",
      "provider": "provider.aws",
      "instances": [
        {
          "index_key": 0,
          "schema_version": 0,
          "attributes": {
            "destination_cidr_block": "0.0.0.0/0",
            "destination_ipv6_cidr_block": null,
            "destination_prefix_list_id": "",
            "egress_only_gateway_id": "",
            "gateway_id": "igw-0d61fb144b535ffd9",
            "id": "r-rtb-004de2b2a60b8339d1080289494",
            "instance_id": "",
            "instance_owner_id": "",
            "nat_gateway_id": "",
            "network_interface_id": "",
            "origin": "CreateRoute",
            "route_table_id": "rtb-004de2b2a60b8339d",
            "state": "active",
            "timeouts": {
              "create": "5m",
              "delete": null
            },
            "transit_gateway_id": "",
            "vpc_peering_connection_id": ""
          },
          "private": "eyJlMmJmYjczMC1lY2FhLTExZTYtOGY4OC0zNDM2M2JjN2M0YzAiOnsiY3JlYXRlIjozMDAwMDAwMDAwMDAsImRlbGV0ZSI6MzAwMDAwMDAwMDAwfX0=",
          "dependencies": [
            "module.vpc.aws_internet_gateway.this",
            "module.vpc.aws_route_table.public",
            "module.vpc.aws_vpc.this",
            "module.vpc.aws_vpc_ipv4_cidr_block_association.this",
            "random_string.suffix"
          ]
        }
      ]
    },
    {
      "module": "module.vpc",
      "mode": "managed",
      "type": "aws_route",
      "name": "public_internet_gateway_ipv6",
      "each": "list",
      "provider": "provider.aws",
      "instances": []
    },
    {
      "module": "module.vpc",
      "mode": "managed",
      "type": "aws_route_table",
      "name": "database",
      "each": "list",
      "provider": "provider.aws",
      "instances": []
    },
    {
      "module": "module.vpc",
      "mode": "managed",
      "type": "aws_route_table",
      "name": "elasticache",
      "each": "list",
      "provider": "provider.aws",
      "instances": []
    },
    {
      "module": "module.vpc",
      "mode": "managed",
      "type": "aws_route_table",
      "name": "intra",
      "each": "list",
      "provider": "provider.aws",
      "instances": []
    },
    {
      "module": "module.vpc",
      "mode": "managed",
      "type": "aws_route_table",
      "name": "private",
      "each": "list",
      "provider": "provider.aws",
      "instances": [
        {
          "index_key": 0,
          "schema_version": 0,
          "attributes": {
            "id": "rtb-0e2fbb80d6d65042c",
            "owner_id": "377481363432",
            "propagating_vgws": [],
            "route": [],
            "tags": {
              "Name": "vpc-cloudskiff-private",
              "kubernetes.io/cluster/cloudskiff-eks-OMRfvtq3": "owned"
            },
            "vpc_id": "vpc-0da93ec5baba9492c"
          },
          "private": "bnVsbA==",
          "dependencies": [
            "module.vpc.aws_vpc.this",
            "module.vpc.aws_vpc_ipv4_cidr_block_association.this",
            "random_string.suffix"
          ]
        }
      ]
    },
    {
      "module": "module.vpc",
      "mode": "managed",
      "type": "aws_route_table",
      "name": "public",
      "each": "list",
      "provider": "provider.aws",
      "instances": [
        {
          "index_key": 0,
          "schema_version": 0,
          "attributes": {
            "id": "rtb-004de2b2a60b8339d",
            "owner_id": "377481363432",
            "propagating_vgws": [],
            "route": [],
            "tags": {
              "Name": "vpc-cloudskiff-public",
              "kubernetes.io/cluster/cloudskiff-eks-OMRfvtq3": "owned"
            },
            "vpc_id": "vpc-0da93ec5baba9492c"
          },
          "private": "bnVsbA==",
          "dependencies": [
            "module.vpc.aws_vpc.this",
            "module.vpc.aws_vpc_ipv4_cidr_block_association.this",
            "random_string.suffix"
          ]
        }
      ]
    },
    {
      "module": "module.vpc",
      "mode": "managed",
      "type": "aws_route_table",
      "name": "redshift",
      "each": "list",
      "provider": "provider.aws",
      "instances": []
    },
    {
      "module": "module.vpc",
      "mode": "managed",
      "type": "aws_route_table_association",
      "name": "database",
      "each": "list",
      "provider": "provider.aws",
      "instances": []
    },
    {
      "module": "module.vpc",
      "mode": "managed",
      "type": "aws_route_table_association",
      "name": "elasticache",
      "each": "list",
      "provider": "provider.aws",
      "instances": []
    },
    {
      "module": "module.vpc",
      "mode": "managed",
      "type": "aws_route_table_association",
      "name": "intra",
      "each": "list",
      "provider": "provider.aws",
      "instances": []
    },
    {
      "module": "module.vpc",
      "mode": "managed",
      "type": "aws_route_table_association",
      "name": "private",
      "each": "list",
      "provider": "provider.aws",
      "instances": [
        {
          "index_key": 0,
          "schema_version": 0,
          "attributes": {
            "gateway_id": null,
            "id": "rtbassoc-0935f0c4f0f6c7cfd",
            "route_table_id": "rtb-0e2fbb80d6d65042c",
            "subnet_id": "subnet-0c980fc747b170008"
          },
          "private": "bnVsbA==",
          "dependencies": [
            "module.vpc.aws_route_table.private",
            "module.vpc.aws_subnet.private",
            "module.vpc.aws_vpc.this",
            "module.vpc.aws_vpc_ipv4_cidr_block_association.this",
            "random_string.suffix"
          ]
        },
        {
          "index_key": 1,
          "schema_version": 0,
          "attributes": {
            "gateway_id": null,
            "id": "rtbassoc-08e67daa6b3457d0d",
            "route_table_id": "rtb-0e2fbb80d6d65042c",
            "subnet_id": "subnet-07cb66332f50f5504"
          },
          "private": "bnVsbA==",
          "dependencies": [
            "module.vpc.aws_route_table.private",
            "module.vpc.aws_subnet.private",
            "module.vpc.aws_vpc.this",
            "module.vpc.aws_vpc_ipv4_cidr_block_association.this",
            "random_string.suffix"
          ]
        },
        {
          "index_key": 2,
          "schema_version": 0,
          "attributes": {
            "gateway_id": null,
            "id": "rtbassoc-00af4697de54bc964",
            "route_table_id": "rtb-0e2fbb80d6d65042c",
            "subnet_id": "subnet-0c86f7da2093c8b87"
          },
          "private": "bnVsbA==",
          "dependencies": [
            "module.vpc.aws_route_table.private",
            "module.vpc.aws_subnet.private",
            "module.vpc.aws_vpc.this",
            "module.vpc.aws_vpc_ipv4_cidr_block_association.this",
            "random_string.suffix"
          ]
        }
      ]
    },
    {
      "module": "module.vpc",
      "mode": "managed",
      "type": "aws_route_table_association",
      "name": "public",
      "each": "list",
      "provider": "provider.aws",
      "instances": [
        {
          "index_key": 0,
          "schema_version": 0,
          "attributes": {
            "gateway_id": null,
            "id": "rtbassoc-0dd148500a6786067",
            "route_table_id": "rtb-004de2b2a60b8339d",
            "subnet_id": "subnet-07e2e1ee5be32b0a0"
          },
          "private": "bnVsbA==",
          "dependencies": [
            "module.vpc.aws_route_table.public",
            "module.vpc.aws_subnet.public",
            "module.vpc.aws_vpc.this",
            "module.vpc.aws_vpc_ipv4_cidr_block_association.this",
            "random_string.suffix"
          ]
        },
        {
          "index_key": 1,
          "schema_version": 0,
          "attributes": {
            "gateway_id": null,
            "id": "rtbassoc-0837c912eebbce0df",
            "route_table_id": "rtb-004de2b2a60b8339d",
            "subnet_id": "subnet-0d079ebf2c50f2abf"
          },
          "private": "bnVsbA==",
          "dependencies": [
            "module.vpc.aws_route_table.public",
            "module.vpc.aws_subnet.public",
            "module.vpc.aws_vpc.this",
            "module.vpc.aws_vpc_ipv4_cidr_block_association.this",
            "random_string.suffix"
          ]
        },
        {
          "index_key": 2,
          "schema_version": 0,
          "attributes": {
            "gateway_id": null,
            "id": "rtbassoc-09d7855e69de9f55e",
            "route_table_id": "rtb-004de2b2a60b8339d",
            "subnet_id": "subnet-0566534d2ef475d3d"
          },
          "private": "bnVsbA==",
          "dependencies": [
            "module.vpc.aws_route_table.public",
            "module.vpc.aws_subnet.public",
            "module.vpc.aws_vpc.this",
            "module.vpc.aws_vpc_ipv4_cidr_block_association.this",
            "random_string.suffix"
          ]
        }
      ]
    },
    {
      "module": "module.vpc",
      "mode": "managed",
      "type": "aws_route_table_association",
      "name": "redshift",
      "each": "list",
      "provider": "provider.aws",
      "instances": []
    },
    {
      "module": "module.vpc",
      "mode": "managed",
      "type": "aws_route_table_association",
      "name": "redshift_public",
      "each": "list",
      "provider": "provider.aws",
      "instances": []
    },
    {
      "module": "module.cluster-1",
      "mode": "managed",
      "type": "aws_security_group",
      "name": "cluster",
      "each": "list",
      "provider": "provider.aws",
      "instances": [
        {
          "index_key": 0,
          "schema_version": 1,
          "attributes": {
            "arn": "arn:aws:ec2:us-east-2:377481363432:security-group/sg-0c9ee9719da94c7df",
            "description": "EKS cluster security group.",
            "egress": [],
            "id": "sg-0c9ee9719da94c7df",
            "ingress": [],
            "name": "cloudskiff-eks-OMRfvtq320200226183321140600000004",
            "name_prefix": "cloudskiff-eks-OMRfvtq3",
            "owner_id": "377481363432",
            "revoke_rules_on_delete": false,
            "tags": {
              "CloudSkiff": "true",
              "Name": "cloudskiff-eks-OMRfvtq3-eks_cluster_sg",
              "Terraform": "true",
              "environment": "production"
            },
            "timeouts": null,
            "vpc_id": "vpc-0da93ec5baba9492c"
          },
          "private": "eyJlMmJmYjczMC1lY2FhLTExZTYtOGY4OC0zNDM2M2JjN2M0YzAiOnsiY3JlYXRlIjo2MDAwMDAwMDAwMDAsImRlbGV0ZSI6NjAwMDAwMDAwMDAwfSwic2NoZW1hX3ZlcnNpb24iOiIxIn0=",
          "dependencies": [
            "module.vpc.aws_vpc.this",
            "random_string.suffix"
          ]
        }
      ]
    },
    {
      "module": "module.cluster-1",
      "mode": "managed",
      "type": "aws_security_group",
      "name": "workers",
      "each": "list",
      "provider": "provider.aws",
      "instances": [
        {
          "index_key": 0,
          "schema_version": 1,
          "attributes": {
            "arn": "arn:aws:ec2:us-east-2:377481363432:security-group/sg-0b0f5f53dce96e377",
            "description": "Security group for all nodes in the cluster.",
            "egress": [],
            "id": "sg-0b0f5f53dce96e377",
            "ingress": [],
            "name": "cloudskiff-eks-OMRfvtq320200226184400672600000005",
            "name_prefix": "cloudskiff-eks-OMRfvtq3",
            "owner_id": "377481363432",
            "revoke_rules_on_delete": false,
            "tags": {
              "CloudSkiff": "true",
              "Name": "cloudskiff-eks-OMRfvtq3-eks_worker_sg",
              "Terraform": "true",
              "environment": "production",
              "kubernetes.io/cluster/cloudskiff-eks-OMRfvtq3": "owned"
            },
            "timeouts": null,
            "vpc_id": "vpc-0da93ec5baba9492c"
          },
          "private": "eyJlMmJmYjczMC1lY2FhLTExZTYtOGY4OC0zNDM2M2JjN2M0YzAiOnsiY3JlYXRlIjo2MDAwMDAwMDAwMDAsImRlbGV0ZSI6NjAwMDAwMDAwMDAwfSwic2NoZW1hX3ZlcnNpb24iOiIxIn0=",
          "dependencies": [
            "module.cluster-1.aws_cloudwatch_log_group.this",
            "module.cluster-1.aws_eks_cluster.this",
            "module.cluster-1.aws_iam_role.cluster",
            "module.cluster-1.aws_iam_role_policy_attachment.cluster_AmazonEKSClusterPolicy",
            "module.cluster-1.aws_iam_role_policy_attachment.cluster_AmazonEKSServicePolicy",
            "module.cluster-1.aws_security_group.cluster",
            "module.vpc.aws_subnet.private",
            "module.vpc.aws_vpc.this",
            "module.vpc.aws_vpc_ipv4_cidr_block_association.this",
            "random_string.suffix"
          ]
        }
      ]
    },
    {
      "module": "module.cluster-1",
      "mode": "managed",
      "type": "aws_security_group_rule",
      "name": "cluster_egress_internet",
      "each": "list",
      "provider": "provider.aws",
      "instances": [
        {
          "index_key": 0,
          "schema_version": 2,
          "attributes": {
            "cidr_blocks": [
              "0.0.0.0/0"
            ],
            "description": "Allow cluster egress access to the Internet.",
            "from_port": 0,
            "id": "sgrule-1194417406",
            "ipv6_cidr_blocks": null,
            "prefix_list_ids": null,
            "protocol": "-1",
            "security_group_id": "sg-0c9ee9719da94c7df",
            "self": false,
            "source_security_group_id": null,
            "to_port": 0,
            "type": "egress"
          },
          "private": "eyJzY2hlbWFfdmVyc2lvbiI6IjIifQ==",
          "dependencies": [
            "module.cluster-1.aws_security_group.cluster",
            "module.vpc.aws_vpc.this",
            "random_string.suffix"
          ]
        }
      ]
    },
    {
      "module": "module.cluster-1",
      "mode": "managed",
      "type": "aws_security_group_rule",
      "name": "cluster_https_worker_ingress",
      "each": "list",
      "provider": "provider.aws",
      "instances": [
        {
          "index_key": 0,
          "schema_version": 2,
          "attributes": {
            "cidr_blocks": null,
            "description": "Allow pods to communicate with the EKS cluster API.",
            "from_port": 443,
            "id": "sgrule-3365606858",
            "ipv6_cidr_blocks": null,
            "prefix_list_ids": null,
            "protocol": "tcp",
            "security_group_id": "sg-0c9ee9719da94c7df",
            "self": false,
            "source_security_group_id": "sg-0b0f5f53dce96e377",
            "to_port": 443,
            "type": "ingress"
          },
          "private": "eyJzY2hlbWFfdmVyc2lvbiI6IjIifQ==",
          "dependencies": [
            "module.cluster-1.aws_cloudwatch_log_group.this",
            "module.cluster-1.aws_eks_cluster.this",
            "module.cluster-1.aws_iam_role.cluster",
            "module.cluster-1.aws_iam_role_policy_attachment.cluster_AmazonEKSClusterPolicy",
            "module.cluster-1.aws_iam_role_policy_attachment.cluster_AmazonEKSServicePolicy",
            "module.cluster-1.aws_security_group.cluster",
            "module.cluster-1.aws_security_group.workers",
            "module.vpc.aws_subnet.private",
            "module.vpc.aws_vpc.this",
            "module.vpc.aws_vpc_ipv4_cidr_block_association.this",
            "random_string.suffix"
          ]
        }
      ]
    },
    {
      "module": "module.cluster-1",
      "mode": "managed",
      "type": "aws_security_group_rule",
      "name": "workers_egress_internet",
      "each": "list",
      "provider": "provider.aws",
      "instances": [
        {
          "index_key": 0,
          "schema_version": 2,
          "attributes": {
            "cidr_blocks": [
              "0.0.0.0/0"
            ],
            "description": "Allow nodes all egress to the Internet.",
            "from_port": 0,
            "id": "sgrule-2747897113",
            "ipv6_cidr_blocks": null,
            "prefix_list_ids": null,
            "protocol": "-1",
            "security_group_id": "sg-0b0f5f53dce96e377",
            "self": false,
            "source_security_group_id": null,
            "to_port": 0,
            "type": "egress"
          },
          "private": "eyJzY2hlbWFfdmVyc2lvbiI6IjIifQ==",
          "dependencies": [
            "module.cluster-1.aws_cloudwatch_log_group.this",
            "module.cluster-1.aws_eks_cluster.this",
            "module.cluster-1.aws_iam_role.cluster",
            "module.cluster-1.aws_iam_role_policy_attachment.cluster_AmazonEKSClusterPolicy",
            "module.cluster-1.aws_iam_role_policy_attachment.cluster_AmazonEKSServicePolicy",
            "module.cluster-1.aws_security_group.cluster",
            "module.cluster-1.aws_security_group.workers",
            "module.vpc.aws_subnet.private",
            "module.vpc.aws_vpc.this",
            "module.vpc.aws_vpc_ipv4_cidr_block_association.this",
            "random_string.suffix"
          ]
        }
      ]
    },
    {
      "module": "module.cluster-1",
      "mode": "managed",
      "type": "aws_security_group_rule",
      "name": "workers_ingress_cluster",
      "each": "list",
      "provider": "provider.aws",
      "instances": [
        {
          "index_key": 0,
          "schema_version": 2,
          "attributes": {
            "cidr_blocks": null,
            "description": "Allow workers pods to receive communication from the cluster control plane.",
            "from_port": 1025,
            "id": "sgrule-823205562",
            "ipv6_cidr_blocks": null,
            "prefix_list_ids": null,
            "protocol": "tcp",
            "security_group_id": "sg-0b0f5f53dce96e377",
            "self": false,
            "source_security_group_id": "sg-0c9ee9719da94c7df",
            "to_port": 65535,
            "type": "ingress"
          },
          "private": "eyJzY2hlbWFfdmVyc2lvbiI6IjIifQ==",
          "dependencies": [
            "module.cluster-1.aws_cloudwatch_log_group.this",
            "module.cluster-1.aws_eks_cluster.this",
            "module.cluster-1.aws_iam_role.cluster",
            "module.cluster-1.aws_iam_role_policy_attachment.cluster_AmazonEKSClusterPolicy",
            "module.cluster-1.aws_iam_role_policy_attachment.cluster_AmazonEKSServicePolicy",
            "module.cluster-1.aws_security_group.cluster",
            "module.cluster-1.aws_security_group.workers",
            "module.vpc.aws_subnet.private",
            "module.vpc.aws_vpc.this",
            "module.vpc.aws_vpc_ipv4_cidr_block_association.this",
            "random_string.suffix"
          ]
        }
      ]
    },
    {
      "module": "module.cluster-1",
      "mode": "managed",
      "type": "aws_security_group_rule",
      "name": "workers_ingress_cluster_https",
      "each": "list",
      "provider": "provider.aws",
      "instances": [
        {
          "index_key": 0,
          "schema_version": 2,
          "attributes": {
            "cidr_blocks": null,
            "description": "Allow pods running extension API servers on port 443 to receive communication from cluster control plane.",
            "from_port": 443,
            "id": "sgrule-634281977",
            "ipv6_cidr_blocks": null,
            "prefix_list_ids": null,
            "protocol": "tcp",
            "security_group_id": "sg-0b0f5f53dce96e377",
            "self": false,
            "source_security_group_id": "sg-0c9ee9719da94c7df",
            "to_port": 443,
            "type": "ingress"
          },
          "private": "eyJzY2hlbWFfdmVyc2lvbiI6IjIifQ==",
          "dependencies": [
            "module.cluster-1.aws_cloudwatch_log_group.this",
            "module.cluster-1.aws_eks_cluster.this",
            "module.cluster-1.aws_iam_role.cluster",
            "module.cluster-1.aws_iam_role_policy_attachment.cluster_AmazonEKSClusterPolicy",
            "module.cluster-1.aws_iam_role_policy_attachment.cluster_AmazonEKSServicePolicy",
            "module.cluster-1.aws_security_group.cluster",
            "module.cluster-1.aws_security_group.workers",
            "module.vpc.aws_subnet.private",
            "module.vpc.aws_vpc.this",
            "module.vpc.aws_vpc_ipv4_cidr_block_association.this",
            "random_string.suffix"
          ]
        }
      ]
    },
    {
      "module": "module.cluster-1",
      "mode": "managed",
      "type": "aws_security_group_rule",
      "name": "workers_ingress_cluster_kubelet",
      "each": "list",
      "provider": "provider.aws",
      "instances": []
    },
    {
      "module": "module.cluster-1",
      "mode": "managed",
      "type": "aws_security_group_rule",
      "name": "workers_ingress_self",
      "each": "list",
      "provider": "provider.aws",
      "instances": [
        {
          "index_key": 0,
          "schema_version": 2,
          "attributes": {
            "cidr_blocks": null,
            "description": "Allow node to communicate with each other.",
            "from_port": 0,
            "id": "sgrule-57663032",
            "ipv6_cidr_blocks": null,
            "prefix_list_ids": null,
            "protocol": "-1",
            "security_group_id": "sg-0b0f5f53dce96e377",
            "self": false,
            "source_security_group_id": "sg-0b0f5f53dce96e377",
            "to_port": 65535,
            "type": "ingress"
          },
          "private": "eyJzY2hlbWFfdmVyc2lvbiI6IjIifQ==",
          "dependencies": [
            "module.cluster-1.aws_cloudwatch_log_group.this",
            "module.cluster-1.aws_eks_cluster.this",
            "module.cluster-1.aws_iam_role.cluster",
            "module.cluster-1.aws_iam_role_policy_attachment.cluster_AmazonEKSClusterPolicy",
            "module.cluster-1.aws_iam_role_policy_attachment.cluster_AmazonEKSServicePolicy",
            "module.cluster-1.aws_security_group.cluster",
            "module.cluster-1.aws_security_group.workers",
            "module.vpc.aws_subnet.private",
            "module.vpc.aws_vpc.this",
            "module.vpc.aws_vpc_ipv4_cidr_block_association.this",
            "random_string.suffix"
          ]
        }
      ]
    },
    {
      "module": "module.vpc",
      "mode": "managed",
      "type": "aws_subnet",
      "name": "database",
      "each": "list",
      "provider": "provider.aws",
      "instances": []
    },
    {
      "module": "module.vpc",
      "mode": "managed",
      "type": "aws_subnet",
      "name": "elasticache",
      "each": "list",
      "provider": "provider.aws",
      "instances": []
    },
    {
      "module": "module.vpc",
      "mode": "managed",
      "type": "aws_subnet",
      "name": "intra",
      "each": "list",
      "provider": "provider.aws",
      "instances": []
    },
    {
      "module": "module.vpc",
      "mode": "managed",
      "type": "aws_subnet",
      "name": "private",
      "each": "list",
      "provider": "provider.aws",
      "instances": [
        {
          "index_key": 0,
          "schema_version": 1,
          "attributes": {
            "arn": "arn:aws:ec2:us-east-2:377481363432:subnet/subnet-0c980fc747b170008",
            "assign_ipv6_address_on_creation": false,
            "availability_zone": "us-east-2a",
            "availability_zone_id": "use2-az1",
            "cidr_block": "10.0.1.0/24",
            "id": "subnet-0c980fc747b170008",
            "ipv6_cidr_block": "",
            "ipv6_cidr_block_association_id": "",
            "map_public_ip_on_launch": false,
            "owner_id": "377481363432",
            "tags": {
              "Name": "vpc-cloudskiff-private-us-east-2a",
              "kubernetes.io/cluster/cloudskiff-eks-OMRfvtq3": "shared",
              "kubernetes.io/role/internal-elb": "true"
            },
            "timeouts": null,
            "vpc_id": "vpc-0da93ec5baba9492c"
          },
          "private": "eyJlMmJmYjczMC1lY2FhLTExZTYtOGY4OC0zNDM2M2JjN2M0YzAiOnsiY3JlYXRlIjo2MDAwMDAwMDAwMDAsImRlbGV0ZSI6MTIwMDAwMDAwMDAwMH0sInNjaGVtYV92ZXJzaW9uIjoiMSJ9",
          "dependencies": [
            "module.vpc.aws_vpc.this",
            "module.vpc.aws_vpc_ipv4_cidr_block_association.this",
            "random_string.suffix"
          ]
        },
        {
          "index_key": 1,
          "schema_version": 1,
          "attributes": {
            "arn": "arn:aws:ec2:us-east-2:377481363432:subnet/subnet-07cb66332f50f5504",
            "assign_ipv6_address_on_creation": false,
            "availability_zone": "us-east-2b",
            "availability_zone_id": "use2-az2",
            "cidr_block": "10.0.2.0/24",
            "id": "subnet-07cb66332f50f5504",
            "ipv6_cidr_block": "",
            "ipv6_cidr_block_association_id": "",
            "map_public_ip_on_launch": false,
            "owner_id": "377481363432",
            "tags": {
              "Name": "vpc-cloudskiff-private-us-east-2b",
              "kubernetes.io/cluster/cloudskiff-eks-OMRfvtq3": "shared",
              "kubernetes.io/role/internal-elb": "true"
            },
            "timeouts": null,
            "vpc_id": "vpc-0da93ec5baba9492c"
          },
          "private": "eyJlMmJmYjczMC1lY2FhLTExZTYtOGY4OC0zNDM2M2JjN2M0YzAiOnsiY3JlYXRlIjo2MDAwMDAwMDAwMDAsImRlbGV0ZSI6MTIwMDAwMDAwMDAwMH0sInNjaGVtYV92ZXJzaW9uIjoiMSJ9",
          "dependencies": [
            "module.vpc.aws_vpc.this",
            "module.vpc.aws_vpc_ipv4_cidr_block_association.this",
            "random_string.suffix"
          ]
        },
        {
          "index_key": 2,
          "schema_version": 1,
          "attributes": {
            "arn": "arn:aws:ec2:us-east-2:377481363432:subnet/subnet-0c86f7da2093c8b87",
            "assign_ipv6_address_on_creation": false,
            "availability_zone": "us-east-2c",
            "availability_zone_id": "use2-az3",
            "cidr_block": "10.0.3.0/24",
            "id": "subnet-0c86f7da2093c8b87",
            "ipv6_cidr_block": "",
            "ipv6_cidr_block_association_id": "",
            "map_public_ip_on_launch": false,
            "owner_id": "377481363432",
            "tags": {
              "Name": "vpc-cloudskiff-private-us-east-2c",
              "kubernetes.io/cluster/cloudskiff-eks-OMRfvtq3": "shared",
              "kubernetes.io/role/internal-elb": "true"
            },
            "timeouts": null,
            "vpc_id": "vpc-0da93ec5baba9492c"
          },
          "private": "eyJlMmJmYjczMC1lY2FhLTExZTYtOGY4OC0zNDM2M2JjN2M0YzAiOnsiY3JlYXRlIjo2MDAwMDAwMDAwMDAsImRlbGV0ZSI6MTIwMDAwMDAwMDAwMH0sInNjaGVtYV92ZXJzaW9uIjoiMSJ9",
          "dependencies": [
            "module.vpc.aws_vpc.this",
            "module.vpc.aws_vpc_ipv4_cidr_block_association.this",
            "random_string.suffix"
          ]
        }
      ]
    },
    {
      "module": "module.vpc",
      "mode": "managed",
      "type": "aws_subnet",
      "name": "public",
      "each": "list",
      "provider": "provider.aws",
      "instances": [
        {
          "index_key": 0,
          "schema_version": 1,
          "attributes": {
            "arn": "arn:aws:ec2:us-east-2:377481363432:subnet/subnet-07e2e1ee5be32b0a0",
            "assign_ipv6_address_on_creation": false,
            "availability_zone": "us-east-2a",
            "availability_zone_id": "use2-az1",
            "cidr_block": "10.0.4.0/24",
            "id": "subnet-07e2e1ee5be32b0a0",
            "ipv6_cidr_block": "",
            "ipv6_cidr_block_association_id": "",
            "map_public_ip_on_launch": true,
            "owner_id": "377481363432",
            "tags": {
              "Name": "vpc-cloudskiff-public-us-east-2a",
              "kubernetes.io/cluster/cloudskiff-eks-OMRfvtq3": "shared",
              "kubernetes.io/role/elb": "1"
            },
            "timeouts": null,
            "vpc_id": "vpc-0da93ec5baba9492c"
          },
          "private": "eyJlMmJmYjczMC1lY2FhLTExZTYtOGY4OC0zNDM2M2JjN2M0YzAiOnsiY3JlYXRlIjo2MDAwMDAwMDAwMDAsImRlbGV0ZSI6MTIwMDAwMDAwMDAwMH0sInNjaGVtYV92ZXJzaW9uIjoiMSJ9",
          "dependencies": [
            "module.vpc.aws_vpc.this",
            "module.vpc.aws_vpc_ipv4_cidr_block_association.this",
            "random_string.suffix"
          ]
        },
        {
          "index_key": 1,
          "schema_version": 1,
          "attributes": {
            "arn": "arn:aws:ec2:us-east-2:377481363432:subnet/subnet-0d079ebf2c50f2abf",
            "assign_ipv6_address_on_creation": false,
            "availability_zone": "us-east-2b",
            "availability_zone_id": "use2-az2",
            "cidr_block": "10.0.5.0/24",
            "id": "subnet-0d079ebf2c50f2abf",
            "ipv6_cidr_block": "",
            "ipv6_cidr_block_association_id": "",
            "map_public_ip_on_launch": true,
            "owner_id": "377481363432",
            "tags": {
              "Name": "vpc-cloudskiff-public-us-east-2b",
              "kubernetes.io/cluster/cloudskiff-eks-OMRfvtq3": "shared",
              "kubernetes.io/role/elb": "1"
            },
            "timeouts": null,
            "vpc_id": "vpc-0da93ec5baba9492c"
          },
          "private": "eyJlMmJmYjczMC1lY2FhLTExZTYtOGY4OC0zNDM2M2JjN2M0YzAiOnsiY3JlYXRlIjo2MDAwMDAwMDAwMDAsImRlbGV0ZSI6MTIwMDAwMDAwMDAwMH0sInNjaGVtYV92ZXJzaW9uIjoiMSJ9",
          "dependencies": [
            "module.vpc.aws_vpc.this",
            "module.vpc.aws_vpc_ipv4_cidr_block_association.this",
            "random_string.suffix"
          ]
        },
        {
          "index_key": 2,
          "schema_version": 1,
          "attributes": {
            "arn": "arn:aws:ec2:us-east-2:377481363432:subnet/subnet-0566534d2ef475d3d",
            "assign_ipv6_address_on_creation": false,
            "availability_zone": "us-east-2c",
            "availability_zone_id": "use2-az3",
            "cidr_block": "10.0.6.0/24",
            "id": "subnet-0566534d2ef475d3d",
            "ipv6_cidr_block": "",
            "ipv6_cidr_block_association_id": "",
            "map_public_ip_on_launch": true,
            "owner_id": "377481363432",
            "tags": {
              "Name": "vpc-cloudskiff-public-us-east-2c",
              "kubernetes.io/cluster/cloudskiff-eks-OMRfvtq3": "shared",
              "kubernetes.io/role/elb": "1"
            },
            "timeouts": null,
            "vpc_id": "vpc-0da93ec5baba9492c"
          },
          "private": "eyJlMmJmYjczMC1lY2FhLTExZTYtOGY4OC0zNDM2M2JjN2M0YzAiOnsiY3JlYXRlIjo2MDAwMDAwMDAwMDAsImRlbGV0ZSI6MTIwMDAwMDAwMDAwMH0sInNjaGVtYV92ZXJzaW9uIjoiMSJ9",
          "dependencies": [
            "module.vpc.aws_vpc.this",
            "module.vpc.aws_vpc_ipv4_cidr_block_association.this",
            "random_string.suffix"
          ]
        }
      ]
    },
    {
      "module": "module.vpc",
      "mode": "managed",
      "type": "aws_subnet",
      "name": "redshift",
      "each": "list",
      "provider": "provider.aws",
      "instances": []
    },
    {
      "module": "module.vpc",
      "mode": "managed",
      "type": "aws_vpc",
      "name": "this",
      "each": "list",
      "provider": "provider.aws",
      "instances": [
        {
          "index_key": 0,
          "schema_version": 1,
          "attributes": {
            "arn": "arn:aws:ec2:us-east-2:377481363432:vpc/vpc-0da93ec5baba9492c",
            "assign_generated_ipv6_cidr_block": false,
            "cidr_block": "10.0.0.0/16",
            "default_network_acl_id": "acl-079d796cd89fbfb20",
            "default_route_table_id": "rtb-0372de55846cac186",
            "default_security_group_id": "sg-0197eec7a47dfabc6",
            "dhcp_options_id": "dopt-edc81684",
            "enable_classiclink": null,
            "enable_classiclink_dns_support": null,
            "enable_dns_hostnames": true,
            "enable_dns_support": true,
            "id": "vpc-0da93ec5baba9492c",
            "instance_tenancy": "default",
            "ipv6_association_id": "",
            "ipv6_cidr_block": "",
            "main_route_table_id": "rtb-0372de55846cac186",
            "owner_id": "377481363432",
            "tags": {
              "Name": "vpc-cloudskiff",
              "kubernetes.io/cluster/cloudskiff-eks-OMRfvtq3": "owned"
            }
          },
          "private": "eyJzY2hlbWFfdmVyc2lvbiI6IjEifQ==",
          "dependencies": [
            "random_string.suffix"
          ]
        }
      ]
    },
    {
      "module": "module.vpc",
      "mode": "managed",
      "type": "aws_vpc_dhcp_options",
      "name": "this",
      "each": "list",
      "provider": "provider.aws",
      "instances": []
    },
    {
      "module": "module.vpc",
      "mode": "managed",
      "type": "aws_vpc_dhcp_options_association",
      "name": "this",
      "each": "list",
      "provider": "provider.aws",
      "instances": []
    },
    {
      "module": "module.vpc",
      "mode": "managed",
      "type": "aws_vpc_endpoint",
      "name": "apigw",
      "each": "list",
      "provider": "provider.aws",
      "instances": []
    },
    {
      "module": "module.vpc",
      "mode": "managed",
      "type": "aws_vpc_endpoint",
      "name": "appmesh_envoy_management",
      "each": "list",
      "provider": "provider.aws",
      "instances": []
    },
    {
      "module": "module.vpc",
      "mode": "managed",
      "type": "aws_vpc_endpoint",
      "name": "appstream",
      "each": "list",
      "provider": "provider.aws",
      "instances": []
    },
    {
      "module": "module.vpc",
      "mode": "managed",
      "type": "aws_vpc_endpoint",
      "name": "athena",
      "each": "list",
      "provider": "provider.aws",
      "instances": []
    },
    {
      "module": "module.vpc",
      "mode": "managed",
      "type": "aws_vpc_endpoint",
      "name": "cloudformation",
      "each": "list",
      "provider": "provider.aws",
      "instances": []
    },
    {
      "module": "module.vpc",
      "mode": "managed",
      "type": "aws_vpc_endpoint",
      "name": "cloudtrail",
      "each": "list",
      "provider": "provider.aws",
      "instances": []
    },
    {
      "module": "module.vpc",
      "mode": "managed",
      "type": "aws_vpc_endpoint",
      "name": "codebuild",
      "each": "list",
      "provider": "provider.aws",
      "instances": []
    },
    {
      "module": "module.vpc",
      "mode": "managed",
      "type": "aws_vpc_endpoint",
      "name": "codecommit",
      "each": "list",
      "provider": "provider.aws",
      "instances": []
    },
    {
      "module": "module.vpc",
      "mode": "managed",
      "type": "aws_vpc_endpoint",
      "name": "codepipeline",
      "each": "list",
      "provider": "provider.aws",
      "instances": []
    },
    {
      "module": "module.vpc",
      "mode": "managed",
      "type": "aws_vpc_endpoint",
      "name": "config",
      "each": "list",
      "provider": "provider.aws",
      "instances": []
    },
    {
      "module": "module.vpc",
      "mode": "managed",
      "type": "aws_vpc_endpoint",
      "name": "dynamodb",
      "each": "list",
      "provider": "provider.aws",
      "instances": []
    },
    {
      "module": "module.vpc",
      "mode": "managed",
      "type": "aws_vpc_endpoint",
      "name": "ec2",
      "each": "list",
      "provider": "provider.aws",
      "instances": []
    },
    {
      "module": "module.vpc",
      "mode": "managed",
      "type": "aws_vpc_endpoint",
      "name": "ec2messages",
      "each": "list",
      "provider": "provider.aws",
      "instances": []
    },
    {
      "module": "module.vpc",
      "mode": "managed",
      "type": "aws_vpc_endpoint",
      "name": "ecr_api",
      "each": "list",
      "provider": "provider.aws",
      "instances": []
    },
    {
      "module": "module.vpc",
      "mode": "managed",
      "type": "aws_vpc_endpoint",
      "name": "ecr_dkr",
      "each": "list",
      "provider": "provider.aws",
      "instances": []
    },
    {
      "module": "module.vpc",
      "mode": "managed",
      "type": "aws_vpc_endpoint",
      "name": "ecs",
      "each": "list",
      "provider": "provider.aws",
      "instances": []
    },
    {
      "module": "module.vpc",
      "mode": "managed",
      "type": "aws_vpc_endpoint",
      "name": "ecs_agent",
      "each": "list",
      "provider": "provider.aws",
      "instances": []
    },
    {
      "module": "module.vpc",
      "mode": "managed",
      "type": "aws_vpc_endpoint",
      "name": "ecs_telemetry",
      "each": "list",
      "provider": "provider.aws",
      "instances": []
    },
    {
      "module": "module.vpc",
      "mode": "managed",
      "type": "aws_vpc_endpoint",
      "name": "elasticloadbalancing",
      "each": "list",
      "provider": "provider.aws",
      "instances": []
    },
    {
      "module": "module.vpc",
      "mode": "managed",
      "type": "aws_vpc_endpoint",
      "name": "events",
      "each": "list",
      "provider": "provider.aws",
      "instances": []
    },
    {
      "module": "module.vpc",
      "mode": "managed",
      "type": "aws_vpc_endpoint",
      "name": "git_codecommit",
      "each": "list",
      "provider": "provider.aws",
      "instances": []
    },
    {
      "module": "module.vpc",
      "mode": "managed",
      "type": "aws_vpc_endpoint",
      "name": "glue",
      "each": "list",
      "provider": "provider.aws",
      "instances": []
    },
    {
      "module": "module.vpc",
      "mode": "managed",
      "type": "aws_vpc_endpoint",
      "name": "kinesis_firehose",
      "each": "list",
      "provider": "provider.aws",
      "instances": []
    },
    {
      "module": "module.vpc",
      "mode": "managed",
      "type": "aws_vpc_endpoint",
      "name": "kinesis_streams",
      "each": "list",
      "provider": "provider.aws",
      "instances": []
    },
    {
      "module": "module.vpc",
      "mode": "managed",
      "type": "aws_vpc_endpoint",
      "name": "kms",
      "each": "list",
      "provider": "provider.aws",
      "instances": []
    },
    {
      "module": "module.vpc",
      "mode": "managed",
      "type": "aws_vpc_endpoint",
      "name": "logs",
      "each": "list",
      "provider": "provider.aws",
      "instances": []
    },
    {
      "module": "module.vpc",
      "mode": "managed",
      "type": "aws_vpc_endpoint",
      "name": "monitoring",
      "each": "list",
      "provider": "provider.aws",
      "instances": []
    },
    {
      "module": "module.vpc",
      "mode": "managed",
      "type": "aws_vpc_endpoint",
      "name": "rekognition",
      "each": "list",
      "provider": "provider.aws",
      "instances": []
    },
    {
      "module": "module.vpc",
      "mode": "managed",
      "type": "aws_vpc_endpoint",
      "name": "s3",
      "each": "list",
      "provider": "provider.aws",
      "instances": []
    },
    {
      "module": "module.vpc",
      "mode": "managed",
      "type": "aws_vpc_endpoint",
      "name": "sagemaker_api",
      "each": "list",
      "provider": "provider.aws",
      "instances": []
    },
    {
      "module": "module.vpc",
      "mode": "managed",
      "type": "aws_vpc_endpoint",
      "name": "sagemaker_notebook",
      "each": "list",
      "provider": "provider.aws",
      "instances": []
    },
    {
      "module": "module.vpc",
      "mode": "managed",
      "type": "aws_vpc_endpoint",
      "name": "sagemaker_runtime",
      "each": "list",
      "provider": "provider.aws",
      "instances": []
    },
    {
      "module": "module.vpc",
      "mode": "managed",
      "type": "aws_vpc_endpoint",
      "name": "secretsmanager",
      "each": "list",
      "provider": "provider.aws",
      "instances": []
    },
    {
      "module": "module.vpc",
      "mode": "managed",
      "type": "aws_vpc_endpoint",
      "name": "servicecatalog",
      "each": "list",
      "provider": "provider.aws",
      "instances": []
    },
    {
      "module": "module.vpc",
      "mode": "managed",
      "type": "aws_vpc_endpoint",
      "name": "sns",
      "each": "list",
      "provider": "provider.aws",
      "instances": []
    },
    {
      "module": "module.vpc",
      "mode": "managed",
      "type": "aws_vpc_endpoint",
      "name": "sqs",
      "each": "list",
      "provider": "provider.aws",
      "instances": []
    },
    {
      "module": "module.vpc",
      "mode": "managed",
      "type": "aws_vpc_endpoint",
      "name": "ssm",
      "each": "list",
      "provider": "provider.aws",
      "instances": []
    },
    {
      "module": "module.vpc",
      "mode": "managed",
      "type": "aws_vpc_endpoint",
      "name": "ssmmessages",
      "each": "list",
      "provider": "provider.aws",
      "instances": []
    },
    {
      "module": "module.vpc",
      "mode": "managed",
      "type": "aws_vpc_endpoint",
      "name": "storagegateway",
      "each": "list",
      "provider": "provider.aws",
      "instances": []
    },
    {
      "module": "module.vpc",
      "mode": "managed",
      "type": "aws_vpc_endpoint",
      "name": "sts",
      "each": "list",
      "provider": "provider.aws",
      "instances": []
    },
    {
      "module": "module.vpc",
      "mode": "managed",
      "type": "aws_vpc_endpoint",
      "name": "transfer",
      "each": "list",
      "provider": "provider.aws",
      "instances": []
    },
    {
      "module": "module.vpc",
      "mode": "managed",
      "type": "aws_vpc_endpoint",
      "name": "transferserver",
      "each": "list",
      "provider": "provider.aws",
      "instances": []
    },
    {
      "module": "module.vpc",
      "mode": "managed",
      "type": "aws_vpc_endpoint_route_table_association",
      "name": "intra_dynamodb",
      "each": "list",
      "provider": "provider.aws",
      "instances": []
    },
    {
      "module": "module.vpc",
      "mode": "managed",
      "type": "aws_vpc_endpoint_route_table_association",
      "name": "intra_s3",
      "each": "list",
      "provider": "provider.aws",
      "instances": []
    },
    {
      "module": "module.vpc",
      "mode": "managed",
      "type": "aws_vpc_endpoint_route_table_association",
      "name": "private_dynamodb",
      "each": "list",
      "provider": "provider.aws",
      "instances": []
    },
    {
      "module": "module.vpc",
      "mode": "managed",
      "type": "aws_vpc_endpoint_route_table_association",
      "name": "private_s3",
      "each": "list",
      "provider": "provider.aws",
      "instances": []
    },
    {
      "module": "module.vpc",
      "mode": "managed",
      "type": "aws_vpc_endpoint_route_table_association",
      "name": "public_dynamodb",
      "each": "list",
      "provider": "provider.aws",
      "instances": []
    },
    {
      "module": "module.vpc",
      "mode": "managed",
      "type": "aws_vpc_endpoint_route_table_association",
      "name": "public_s3",
      "each": "list",
      "provider": "provider.aws",
      "instances": []
    },
    {
      "module": "module.vpc",
      "mode": "managed",
      "type": "aws_vpc_ipv4_cidr_block_association",
      "name": "this",
      "each": "list",
      "provider": "provider.aws",
      "instances": []
    },
    {
      "module": "module.vpc",
      "mode": "managed",
      "type": "aws_vpn_gateway",
      "name": "this",
      "each": "list",
      "provider": "provider.aws",
      "instances": []
    },
    {
      "module": "module.vpc",
      "mode": "managed",
      "type": "aws_vpn_gateway_attachment",
      "name": "this",
      "each": "list",
      "provider": "provider.aws",
      "instances": []
    },
    {
      "module": "module.vpc",
      "mode": "managed",
      "type": "aws_vpn_gateway_route_propagation",
      "name": "private",
      "each": "list",
      "provider": "provider.aws",
      "instances": []
    },
    {
      "module": "module.vpc",
      "mode": "managed",
      "type": "aws_vpn_gateway_route_propagation",
      "name": "public",
      "each": "list",
      "provider": "provider.aws",
      "instances": []
    },
    {
      "module": "module.cluster-1",
      "mode": "managed",
      "type": "local_file",
      "name": "config_map_aws_auth",
      "each": "list",
      "provider": "provider.local",
      "instances": [
        {
          "index_key": 0,
          "schema_version": 0,
          "attributes": {
            "content": "apiVersion: v1\nkind: ConfigMap\nmetadata:\n  name: aws-auth\n  namespace: kube-system\ndata:\n  mapRoles: |\n    - rolearn: arn:aws:iam::377481363432:role/cloudskiff-eks-OMRfvtq320200226184400676200000006\n      username: system:node:{{EC2PrivateDNSName}}\n      groups:\n        - system:bootstrappers\n        - system:nodes\n\n  \n  \n  \n",
            "content_base64": null,
            "directory_permission": "0777",
            "file_permission": "0777",
            "filename": "./config-map-aws-auth_cloudskiff-eks-OMRfvtq3.yaml",
            "id": "8399c7e9973a2daccefd42a128da88646cec653f",
            "sensitive_content": null
          },
          "private": "bnVsbA==",
          "dependencies": [
            "aws_key_pair.admin",
            "module.cluster-1.aws_cloudwatch_log_group.this",
            "module.cluster-1.aws_eks_cluster.this",
            "module.cluster-1.aws_iam_instance_profile.workers",
            "module.cluster-1.aws_iam_role.cluster",
            "module.cluster-1.aws_iam_role.workers",
            "module.cluster-1.aws_iam_role_policy_attachment.cluster_AmazonEKSClusterPolicy",
            "module.cluster-1.aws_iam_role_policy_attachment.cluster_AmazonEKSServicePolicy",
            "module.cluster-1.aws_security_group.cluster",
            "module.vpc.aws_subnet.private",
            "module.vpc.aws_vpc.this",
            "module.vpc.aws_vpc_ipv4_cidr_block_association.this",
            "random_string.suffix"
          ]
        }
      ]
    },
    {
      "module": "module.cluster-1",
      "mode": "managed",
      "type": "local_file",
      "name": "kubeconfig",
      "each": "list",
      "provider": "provider.local",
      "instances": [
        {
          "index_key": 0,
          "schema_version": 0,
          "attributes": {
            "content": "apiVersion: v1\npreferences: {}\nkind: Config\n\nclusters:\n- cluster:\n    server: https://3C4A239EE518025D36F99DFC3DD1E51E.yl4.us-east-2.eks.amazonaws.com\n    certificate-authority-data: LS0tLS1CRUdJTiBDRVJUSUZJQ0FURS0tLS0tCk1JSUN5RENDQWJDZ0F3SUJBZ0lCQURBTkJna3Foa2lHOXcwQkFRc0ZBREFWTVJNd0VRWURWUVFERXdwcmRXSmwKY201bGRHVnpNQjRYRFRJd01ESXlOakU0TkRFd04xb1hEVE13TURJeU16RTROREV3TjFvd0ZURVRNQkVHQTFVRQpBeE1LYTNWaVpYSnVaWFJsY3pDQ0FTSXdEUVlKS29aSWh2Y05BUUVCQlFBRGdnRVBBRENDQVFvQ2dnRUJBTXpxCm1ZKytWN2NnSWNUYnpicDkremNaTlV3bXR3UUZrdzhwME5yNkFpN3FwL1gyczNZMnZjRjgwNlcrQ201bldodU4KVmtwa05jU3J4UnJZQlpmak5vUXBmc1VlcXJrQWdIUDg0Q0RNNHZFSnI2UHl4M3ZPOE42KzdrOEJ5ZmMzaTBjRQpibGF4WnkrbklCbmV0eVNNV29jaFdqMUZYemhIeUJYN3VxMkhhaHhjVFIxc3E4UjVGV3BvenpBTXExb0NxS2l3CmNhVTJRY0JZbmdXSDRhZnNENU9YWU5nczhzeHlYMnM4MjZjdGxzcjBya0I4TUdWdDRtUHhwYlRmaEgxR0lRMksKclcvMjJWcSs1dVg0NjhaVkMzdEpnQ2Z5bVBzYlNDNVNnZ1c2K3FLeCtjU2pXdllCdlFmRTExWmRuVjNORHRlWAorM0JwSGFaRTFtNnFNVXBTRHJFQ0F3RUFBYU1qTUNFd0RnWURWUjBQQVFIL0JBUURBZ0trTUE4R0ExVWRFd0VCCi93UUZNQU1CQWY4d0RRWUpLb1pJaHZjTkFRRUxCUUFEZ2dFQkFMRWE2RG1xbU9nTzlObFdEenFTV04xcWtFWHAKcThuZTlKT0lVcWU0YUhxV2lFMkI3NlpDVFJIdDYxRWdQdUFkUlVQUWNlam5yK1RNUWwxYy9aZGtNaWVkbHJaKwpQVzdWS3pTVFRxWmVuTlpqZlo0Z3JtSVNJQ2xDYXRWREUxR3lZaHhOeTFPcEl5T2pONkdYNEtwellZbHA2SUY1ClFwU3Nwb2JQNXZkV2Fvdjg2OGVPa0ZleTJ4NTBNV0NBWG41QktrOFhweXBVcVJUYjY2YWhjdlNMU1pZNHhRSTAKU1lSSkFUcm93RkZtVk5VZFVqbThpTzFwcnp4bkYxdndySGh1aVlRaVRaNCs2VjVOOEU3UWRHMUlDNXBrK1h6bApFamlmMEs0MGJVQVRaVXFZSlp4TDdmdHNwZ2FaTml4bThVcHhzM1Q4ems4cHYwL2FReXF1NDljNkMwbz0KLS0tLS1FTkQgQ0VSVElGSUNBVEUtLS0tLQo=\n  name: eks_cloudskiff-eks-OMRfvtq3\n\ncontexts:\n- context:\n    cluster: eks_cloudskiff-eks-OMRfvtq3\n    user: eks_cloudskiff-eks-OMRfvtq3\n  name: eks_cloudskiff-eks-OMRfvtq3\n\ncurrent-context: eks_cloudskiff-eks-OMRfvtq3\n\nusers:\n- name: eks_cloudskiff-eks-OMRfvtq3\n  user:\n    exec:\n      apiVersion: client.authentication.k8s.io/v1alpha1\n      command: aws-iam-authenticator\n      args:\n        - \"token\"\n        - \"-i\"\n        - \"cloudskiff-eks-OMRfvtq3\"\n\n\n",
            "content_base64": null,
            "directory_permission": "0777",
            "file_permission": "0777",
            "filename": "./kubeconfig_cloudskiff-eks-OMRfvtq3",
            "id": "99632dcd0c3ee84594fcbae2520a687457f1f428",
            "sensitive_content": null
          },
          "private": "bnVsbA==",
          "dependencies": [
            "module.cluster-1.aws_cloudwatch_log_group.this",
            "module.cluster-1.aws_eks_cluster.this",
            "module.cluster-1.aws_iam_role.cluster",
            "module.cluster-1.aws_iam_role_policy_attachment.cluster_AmazonEKSClusterPolicy",
            "module.cluster-1.aws_iam_role_policy_attachment.cluster_AmazonEKSServicePolicy",
            "module.cluster-1.aws_security_group.cluster",
            "module.vpc.aws_subnet.private",
            "module.vpc.aws_vpc.this",
            "module.vpc.aws_vpc_ipv4_cidr_block_association.this",
            "random_string.suffix"
          ]
        }
      ]
    },
    {
      "module": "module.cluster-1",
      "mode": "managed",
      "type": "null_resource",
      "name": "update_config_map_aws_auth",
      "each": "list",
      "provider": "provider.null",
      "instances": [
        {
          "index_key": 0,
          "schema_version": 0,
          "attributes": {
            "id": "7271069710952246235",
            "triggers": {
              "config_map_rendered": "apiVersion: v1\nkind: ConfigMap\nmetadata:\n  name: aws-auth\n  namespace: kube-system\ndata:\n  mapRoles: |\n    - rolearn: arn:aws:iam::377481363432:role/cloudskiff-eks-OMRfvtq320200226184400676200000006\n      username: system:node:{{EC2PrivateDNSName}}\n      groups:\n        - system:bootstrappers\n        - system:nodes\n\n  \n  \n  \n",
              "endpoint": "https://3C4A239EE518025D36F99DFC3DD1E51E.yl4.us-east-2.eks.amazonaws.com",
              "kube_config_map_rendered": "apiVersion: v1\npreferences: {}\nkind: Config\n\nclusters:\n- cluster:\n    server: https://3C4A239EE518025D36F99DFC3DD1E51E.yl4.us-east-2.eks.amazonaws.com\n    certificate-authority-data: LS0tLS1CRUdJTiBDRVJUSUZJQ0FURS0tLS0tCk1JSUN5RENDQWJDZ0F3SUJBZ0lCQURBTkJna3Foa2lHOXcwQkFRc0ZBREFWTVJNd0VRWURWUVFERXdwcmRXSmwKY201bGRHVnpNQjRYRFRJd01ESXlOakU0TkRFd04xb1hEVE13TURJeU16RTROREV3TjFvd0ZURVRNQkVHQTFVRQpBeE1LYTNWaVpYSnVaWFJsY3pDQ0FTSXdEUVlKS29aSWh2Y05BUUVCQlFBRGdnRVBBRENDQVFvQ2dnRUJBTXpxCm1ZKytWN2NnSWNUYnpicDkremNaTlV3bXR3UUZrdzhwME5yNkFpN3FwL1gyczNZMnZjRjgwNlcrQ201bldodU4KVmtwa05jU3J4UnJZQlpmak5vUXBmc1VlcXJrQWdIUDg0Q0RNNHZFSnI2UHl4M3ZPOE42KzdrOEJ5ZmMzaTBjRQpibGF4WnkrbklCbmV0eVNNV29jaFdqMUZYemhIeUJYN3VxMkhhaHhjVFIxc3E4UjVGV3BvenpBTXExb0NxS2l3CmNhVTJRY0JZbmdXSDRhZnNENU9YWU5nczhzeHlYMnM4MjZjdGxzcjBya0I4TUdWdDRtUHhwYlRmaEgxR0lRMksKclcvMjJWcSs1dVg0NjhaVkMzdEpnQ2Z5bVBzYlNDNVNnZ1c2K3FLeCtjU2pXdllCdlFmRTExWmRuVjNORHRlWAorM0JwSGFaRTFtNnFNVXBTRHJFQ0F3RUFBYU1qTUNFd0RnWURWUjBQQVFIL0JBUURBZ0trTUE4R0ExVWRFd0VCCi93UUZNQU1CQWY4d0RRWUpLb1pJaHZjTkFRRUxCUUFEZ2dFQkFMRWE2RG1xbU9nTzlObFdEenFTV04xcWtFWHAKcThuZTlKT0lVcWU0YUhxV2lFMkI3NlpDVFJIdDYxRWdQdUFkUlVQUWNlam5yK1RNUWwxYy9aZGtNaWVkbHJaKwpQVzdWS3pTVFRxWmVuTlpqZlo0Z3JtSVNJQ2xDYXRWREUxR3lZaHhOeTFPcEl5T2pONkdYNEtwellZbHA2SUY1ClFwU3Nwb2JQNXZkV2Fvdjg2OGVPa0ZleTJ4NTBNV0NBWG41QktrOFhweXBVcVJUYjY2YWhjdlNMU1pZNHhRSTAKU1lSSkFUcm93RkZtVk5VZFVqbThpTzFwcnp4bkYxdndySGh1aVlRaVRaNCs2VjVOOEU3UWRHMUlDNXBrK1h6bApFamlmMEs0MGJVQVRaVXFZSlp4TDdmdHNwZ2FaTml4bThVcHhzM1Q4ems4cHYwL2FReXF1NDljNkMwbz0KLS0tLS1FTkQgQ0VSVElGSUNBVEUtLS0tLQo=\n  name: eks_cloudskiff-eks-OMRfvtq3\n\ncontexts:\n- context:\n    cluster: eks_cloudskiff-eks-OMRfvtq3\n    user: eks_cloudskiff-eks-OMRfvtq3\n  name: eks_cloudskiff-eks-OMRfvtq3\n\ncurrent-context: eks_cloudskiff-eks-OMRfvtq3\n\nusers:\n- name: eks_cloudskiff-eks-OMRfvtq3\n  user:\n    exec:\n      apiVersion: client.authentication.k8s.io/v1alpha1\n      command: aws-iam-authenticator\n      args:\n        - \"token\"\n        - \"-i\"\n        - \"cloudskiff-eks-OMRfvtq3\"\n\n\n"
            }
          },
          "private": "bnVsbA==",
          "dependencies": [
            "aws_key_pair.admin",
            "module.cluster-1.aws_cloudwatch_log_group.this",
            "module.cluster-1.aws_eks_cluster.this",
            "module.cluster-1.aws_iam_instance_profile.workers",
            "module.cluster-1.aws_iam_role.cluster",
            "module.cluster-1.aws_iam_role.workers",
            "module.cluster-1.aws_iam_role_policy_attachment.cluster_AmazonEKSClusterPolicy",
            "module.cluster-1.aws_iam_role_policy_attachment.cluster_AmazonEKSServicePolicy",
            "module.cluster-1.aws_security_group.cluster",
            "module.vpc.aws_subnet.private",
            "module.vpc.aws_vpc.this",
            "module.vpc.aws_vpc_ipv4_cidr_block_association.this",
            "random_string.suffix"
          ]
        }
      ]
    },
    {
      "module": "module.cluster-1",
      "mode": "managed",
      "type": "random_pet",
      "name": "workers",
      "each": "list",
      "provider": "provider.random",
      "instances": [
        {
          "index_key": 0,
          "schema_version": 0,
          "attributes": {
            "id": "guiding-terrier",
            "keepers": {
              "lc_name": "cloudskiff-eks-OMRfvtq3-1.14-wg-small2020022618440585710000000d"
            },
            "length": 2,
            "prefix": null,
            "separator": "-"
          },
          "private": "bnVsbA==",
          "dependencies": [
            "aws_key_pair.admin",
            "module.cluster-1.aws_cloudwatch_log_group.this",
            "module.cluster-1.aws_eks_cluster.this",
            "module.cluster-1.aws_iam_instance_profile.workers",
            "module.cluster-1.aws_iam_role.cluster",
            "module.cluster-1.aws_iam_role.workers",
            "module.cluster-1.aws_iam_role_policy_attachment.cluster_AmazonEKSClusterPolicy",
            "module.cluster-1.aws_iam_role_policy_attachment.cluster_AmazonEKSServicePolicy",
            "module.cluster-1.aws_launch_configuration.workers",
            "module.cluster-1.aws_security_group.cluster",
            "module.cluster-1.aws_security_group.workers",
            "module.vpc.aws_subnet.private",
            "module.vpc.aws_vpc.this",
            "module.vpc.aws_vpc_ipv4_cidr_block_association.this",
            "random_string.suffix"
          ]
        }
      ]
    },
    {
      "module": "module.cluster-1",
      "mode": "managed",
      "type": "random_pet",
      "name": "workers_launch_template",
      "each": "list",
      "provider": "provider.random",
      "instances": []
    },
    {
      "mode": "managed",
      "type": "random_string",
      "name": "suffix",
      "provider": "provider.random",
      "instances": [
        {
          "schema_version": 1,
          "attributes": {
            "id": "OMRfvtq3",
            "keepers": null,
            "length": 8,
            "lower": true,
            "min_lower": 0,
            "min_numeric": 0,
            "min_special": 0,
            "min_upper": 0,
            "number": true,
            "override_special": null,
            "result": "OMRfvtq3",
            "special": false,
            "upper": true
          },
          "private": "eyJzY2hlbWFfdmVyc2lvbiI6IjEifQ=="
        }
      ]
    }
  ]
}
